
Microsoft Visual Studio Solution File, Format Version 12.00
# Visual Studio Version 17
VisualStudioVersion = 17.0.31903.59
MinimumVisualStudioVersion = 10.0.40219.1
Project("{2150E333-8FDC-42A3-9474-1A3956D46DE8}") = "src", "src", "{827E0CD3-B72D-47B6-A68D-7590B98EB39B}"
EndProject
Project("{2150E333-8FDC-42A3-9474-1A3956D46DE8}") = "API", "API", "{81034408-37C8-1011-444E-4C15C2FADA8E}"
EndProject
Project("{FAE04EC0-301F-11D3-BF4B-00C04F79EFBC}") = "MFFVP.Api", "src\API\MFFVP.Api\MFFVP.Api.csproj", "{4C5C2C3D-0B2F-456E-9FC3-42AF6CFAD587}"
EndProject
Project("{2150E333-8FDC-42A3-9474-1A3956D46DE8}") = "Common", "Common", "{BFF2DF6E-AA54-47C7-211F-79ACCBB4577C}"
EndProject
Project("{FAE04EC0-301F-11D3-BF4B-00C04F79EFBC}") = "Common.SharedKernel.Application", "src\Common\Common.SharedKernel.Application\Common.SharedKernel.Application.csproj", "{5317766D-2EDD-469F-ADB0-A06ED6ACE5CA}"
EndProject
Project("{FAE04EC0-301F-11D3-BF4B-00C04F79EFBC}") = "Common.SharedKernel.Domain", "src\Common\Common.SharedKernel.Domain\Common.SharedKernel.Domain.csproj", "{A266D473-4411-4C3C-9322-1B607B7EB184}"
EndProject
Project("{FAE04EC0-301F-11D3-BF4B-00C04F79EFBC}") = "Common.SharedKernel.Infrastructure", "src\Common\Common.SharedKernel.Infrastructure\Common.SharedKernel.Infrastructure.csproj", "{5BF45715-F0D6-45D6-B8D3-9F4E2CFB8BFF}"
EndProject
Project("{FAE04EC0-301F-11D3-BF4B-00C04F79EFBC}") = "Common.SharedKernel.Presentation", "src\Common\Common.SharedKernel.Presentation\Common.SharedKernel.Presentation.csproj", "{F49F2F19-2DD8-421C-833F-13794C3C1A76}"
EndProject
Project("{2150E333-8FDC-42A3-9474-1A3956D46DE8}") = "test", "test", "{0C88DD14-F956-CE84-757C-A364CCF449FC}"
EndProject
Project("{FAE04EC0-301F-11D3-BF4B-00C04F79EFBC}") = "MFFVP.ArchitectureTests", "test\MFFVP.ArchitectureTests\MFFVP.ArchitectureTests.csproj", "{EA2387D4-1A17-4161-8C21-C102DCAFF175}"
EndProject
Project("{FAE04EC0-301F-11D3-BF4B-00C04F79EFBC}") = "MFFVP.IntegrationTests", "test\MFFVP.IntegrationTests\MFFVP.IntegrationTests.csproj", "{0A124284-E973-4338-B804-94FBF67D989A}"
EndProject
Project("{2150E333-8FDC-42A3-9474-1A3956D46DE8}") = "Modules", "Modules", "{02EA681E-C7D8-13C7-8484-4AC65E1B71E8}"
EndProject
Project("{2150E333-8FDC-42A3-9474-1A3956D46DE8}") = "Trusts", "Trusts", "{4AD61086-5A2A-DB5D-DA58-238A2D8E8BB3}"
EndProject
Project("{2150E333-8FDC-42A3-9474-1A3956D46DE8}") = "Application", "Application", "{DC03C626-EBCC-29A1-70E0-76C2ED32C66B}"
EndProject
Project("{FAE04EC0-301F-11D3-BF4B-00C04F79EFBC}") = "Trusts.Application", "src\Modules\Trusts\Application\Trusts.Application.csproj", "{7A421B9C-C3FF-45AF-A69D-EF32A31ECCCD}"
EndProject
Project("{2150E333-8FDC-42A3-9474-1A3956D46DE8}") = "Domain", "Domain", "{13B3887D-2C96-71D4-4B42-1194C904C812}"
EndProject
Project("{FAE04EC0-301F-11D3-BF4B-00C04F79EFBC}") = "Trusts.Domain", "src\Modules\Trusts\Domain\Trusts.Domain.csproj", "{193E7CE6-3F2B-4DDA-A885-658FEF3C3329}"
EndProject
Project("{2150E333-8FDC-42A3-9474-1A3956D46DE8}") = "Infrastructure", "Infrastructure", "{2C00146A-E20F-28D4-89DF-E73B741F2A01}"
EndProject
Project("{FAE04EC0-301F-11D3-BF4B-00C04F79EFBC}") = "Trusts.Infrastructure", "src\Modules\Trusts\Infrastructure\Trusts.Infrastructure.csproj", "{CA905344-E3D0-402C-9BB4-CE1C4C1CBAFB}"
EndProject
Project("{2150E333-8FDC-42A3-9474-1A3956D46DE8}") = "Integrations", "Integrations", "{3A70B981-4CEF-8AE3-98B9-B1E2E6022668}"
EndProject
Project("{FAE04EC0-301F-11D3-BF4B-00C04F79EFBC}") = "Trusts.Integrations", "src\Modules\Trusts\Integrations\Trusts.Integrations.csproj", "{55E903A6-9F6F-4BF9-8F19-30AD00C703D8}"
EndProject
Project("{2150E333-8FDC-42A3-9474-1A3956D46DE8}") = "Presentation", "Presentation", "{88491094-FFAB-C71F-60CC-2F83C858CB64}"
EndProject
Project("{FAE04EC0-301F-11D3-BF4B-00C04F79EFBC}") = "Trusts.Presentation", "src\Modules\Trusts\Presentation\Trusts.Presentation.csproj", "{31671163-0035-4D36-A0C5-1EC08ED15C62}"
EndProject
Project("{2150E333-8FDC-42A3-9474-1A3956D46DE8}") = "test", "test", "{57965EF3-01B5-A850-C17C-3A62F393FC3F}"
EndProject
Project("{FAE04EC0-301F-11D3-BF4B-00C04F79EFBC}") = "Trusts.test.UnitTests", "src\Modules\Trusts\test\UnitTests\Trusts.test.UnitTests.csproj", "{28DF0D67-8F2D-4B24-A650-72B8FB69F202}"
EndProject
Project("{FAE04EC0-301F-11D3-BF4B-00C04F79EFBC}") = "Trusts.test.IntegrationTests", "src\Modules\Trusts\test\IntegrationTests\Trusts.test.IntegrationTests.csproj", "{7FE08A9B-487A-4480-8284-91655F1D55F0}"
EndProject
Project("{2150E333-8FDC-42A3-9474-1A3956D46DE8}") = "Rules", "Rules", "{A4C079EF-917E-4D29-92D1-3ECCAAF632FB}"
	ProjectSection(SolutionItems) = preProject
		src\Modules\Trusts\Rules\fullContribution.rules.json = src\Modules\Trusts\Rules\fullContribution.rules.json
	EndProjectSection
EndProject
Project("{2150E333-8FDC-42A3-9474-1A3956D46DE8}") = "Associate", "Associate", "{26083523-2A35-1A30-D5B8-C23C4A3356CF}"
EndProject
Project("{2150E333-8FDC-42A3-9474-1A3956D46DE8}") = "Application", "Application", "{4EBBBEFD-A47A-F827-1EE1-BF6505E507C2}"
EndProject
Project("{FAE04EC0-301F-11D3-BF4B-00C04F79EFBC}") = "Associate.Application", "src\Modules\Associate\Application\Associate.Application.csproj", "{A98FB798-DFCF-4ACD-A3AF-1B4A8C738344}"
EndProject
Project("{2150E333-8FDC-42A3-9474-1A3956D46DE8}") = "Domain", "Domain", "{B50B94EF-DD00-864F-0ED2-A9CE6FCC2BBC}"
EndProject
Project("{FAE04EC0-301F-11D3-BF4B-00C04F79EFBC}") = "Associate.Domain", "src\Modules\Associate\Domain\Associate.Domain.csproj", "{FF33A311-3074-4E51-9B47-6205C4A0E5F3}"
EndProject
Project("{2150E333-8FDC-42A3-9474-1A3956D46DE8}") = "Infrastructure", "Infrastructure", "{FB9B7E3D-4408-6771-D69D-AD465FED9A37}"
EndProject
Project("{FAE04EC0-301F-11D3-BF4B-00C04F79EFBC}") = "Associate.Infrastructure", "src\Modules\Associate\Infrastructure\Associate.Infrastructure.csproj", "{158809AD-4EAA-4A98-9C91-D8D68D2322B5}"
EndProject
Project("{2150E333-8FDC-42A3-9474-1A3956D46DE8}") = "Integrations", "Integrations", "{D7E0ECFA-9813-6F44-1B54-BE27536A004F}"
EndProject
Project("{FAE04EC0-301F-11D3-BF4B-00C04F79EFBC}") = "Associate.Integrations", "src\Modules\Associate\Integrations\Associate.Integrations.csproj", "{041AFD79-4B23-4A22-8ACC-D76C06CFEFB8}"
EndProject
Project("{2150E333-8FDC-42A3-9474-1A3956D46DE8}") = "Presentation", "Presentation", "{501310E7-6CEC-4612-09F2-787E882C0753}"
EndProject
Project("{FAE04EC0-301F-11D3-BF4B-00C04F79EFBC}") = "Associate.Presentation", "src\Modules\Associate\Presentation\Associate.Presentation.csproj", "{98569576-8B8F-4F63-9710-C77E18C4D2B0}"
EndProject
Project("{2150E333-8FDC-42A3-9474-1A3956D46DE8}") = "test", "test", "{607D4994-D3A5-CA2C-24EC-E2B463E18F96}"
EndProject
Project("{FAE04EC0-301F-11D3-BF4B-00C04F79EFBC}") = "Associate.test.UnitTests", "src\Modules\Associate\test\UnitTests\Associate.test.UnitTests.csproj", "{021F4898-276A-4822-B912-574BF74BD374}"
EndProject
Project("{FAE04EC0-301F-11D3-BF4B-00C04F79EFBC}") = "Associate.test.IntegrationTests", "src\Modules\Associate\test\IntegrationTests\Associate.test.IntegrationTests.csproj", "{8BAC7130-3356-4E3F-89D4-9CB56FEBBECC}"
EndProject
Project("{2150E333-8FDC-42A3-9474-1A3956D46DE8}") = "Rules", "Rules", "{E80F154E-65C3-4327-832B-233C40105E50}"
	ProjectSection(SolutionItems) = preProject
		associate.rules.json = associate.rules.json
	EndProjectSection
EndProject
Project("{2150E333-8FDC-42A3-9474-1A3956D46DE8}") = "People", "People", "{EE0618E7-E219-8D19-38E9-02FC3F9F0725}"
EndProject
Project("{2150E333-8FDC-42A3-9474-1A3956D46DE8}") = "Application", "Application", "{1A767771-B6E0-FCB5-FBB6-F85FFC2C2835}"
EndProject
Project("{FAE04EC0-301F-11D3-BF4B-00C04F79EFBC}") = "People.Application", "src\Modules\People\Application\People.Application.csproj", "{F44B4706-55BE-4299-BC93-E36ABA4D5B1A}"
EndProject
Project("{2150E333-8FDC-42A3-9474-1A3956D46DE8}") = "Domain", "Domain", "{767B877C-A402-6CD3-CD2A-108E7A783735}"
EndProject
Project("{FAE04EC0-301F-11D3-BF4B-00C04F79EFBC}") = "People.Domain", "src\Modules\People\Domain\People.Domain.csproj", "{F39CE962-69E4-409D-AEA7-A46EEA2C0DC9}"
EndProject
Project("{2150E333-8FDC-42A3-9474-1A3956D46DE8}") = "Infrastructure", "Infrastructure", "{6E1973A8-C8E8-B431-DD8C-0BA1BF471150}"
EndProject
Project("{FAE04EC0-301F-11D3-BF4B-00C04F79EFBC}") = "People.Infrastructure", "src\Modules\People\Infrastructure\People.Infrastructure.csproj", "{CA283E72-0C0E-4E0A-A13D-60D3CCBFB4C4}"
EndProject
Project("{2150E333-8FDC-42A3-9474-1A3956D46DE8}") = "Integrations", "Integrations", "{751FF716-0078-2D5F-DBAC-A39F1B4DACE6}"
EndProject
Project("{FAE04EC0-301F-11D3-BF4B-00C04F79EFBC}") = "People.Integrations", "src\Modules\People\Integrations\People.Integrations.csproj", "{1779E6F6-799C-41DD-82E4-4E348A0BA7CC}"
EndProject
Project("{2150E333-8FDC-42A3-9474-1A3956D46DE8}") = "Presentation", "Presentation", "{062AF920-1318-E35B-61B8-ADA35EBC87F2}"
EndProject
Project("{FAE04EC0-301F-11D3-BF4B-00C04F79EFBC}") = "People.Presentation", "src\Modules\People\Presentation\People.Presentation.csproj", "{4B55DC4F-B0F2-4A24-8AFF-BED69BE730B7}"
EndProject
Project("{2150E333-8FDC-42A3-9474-1A3956D46DE8}") = "test", "test", "{4E43A94C-CB06-1AC0-0F5B-B9761E8BA5FA}"
EndProject
Project("{FAE04EC0-301F-11D3-BF4B-00C04F79EFBC}") = "People.test.UnitTests", "src\Modules\People\test\UnitTests\People.test.UnitTests.csproj", "{F0B246A8-41AE-450F-8A18-B6E7F9A12BAE}"
EndProject
Project("{FAE04EC0-301F-11D3-BF4B-00C04F79EFBC}") = "People.test.IntegrationTests", "src\Modules\People\test\IntegrationTests\People.test.IntegrationTests.csproj", "{500ABC07-956C-4678-9E33-76449A667B30}"
EndProject
Project("{2150E333-8FDC-42A3-9474-1A3956D46DE8}") = "Products", "Products", "{1D77E450-A81E-1E16-0499-7D1E23276EBC}"
EndProject
Project("{2150E333-8FDC-42A3-9474-1A3956D46DE8}") = "Application", "Application", "{525E6457-A1DB-36FB-BE76-611AA68793E8}"
EndProject
Project("{FAE04EC0-301F-11D3-BF4B-00C04F79EFBC}") = "Products.Application", "src\Modules\Products\Application\Products.Application.csproj", "{E4C32A3E-3315-4B77-A0F2-8AE942056DD0}"
EndProject
Project("{2150E333-8FDC-42A3-9474-1A3956D46DE8}") = "Domain", "Domain", "{84E9E974-38A5-FD77-68EB-895E20091E50}"
EndProject
Project("{FAE04EC0-301F-11D3-BF4B-00C04F79EFBC}") = "Products.Domain", "src\Modules\Products\Domain\Products.Domain.csproj", "{EBFA1ACF-D21A-4897-9BD9-3DCA319C785D}"
EndProject
Project("{2150E333-8FDC-42A3-9474-1A3956D46DE8}") = "Infrastructure", "Infrastructure", "{682D5F1B-F9BC-8C05-2380-FA725ADAF0FD}"
EndProject
Project("{FAE04EC0-301F-11D3-BF4B-00C04F79EFBC}") = "Products.Infrastructure", "src\Modules\Products\Infrastructure\Products.Infrastructure.csproj", "{9ECA9E4A-FA79-4BAE-8EB7-61C6E62438A3}"
EndProject
Project("{2150E333-8FDC-42A3-9474-1A3956D46DE8}") = "Integrations", "Integrations", "{5695D95D-25FB-C326-1A63-CCF6952DAB3C}"
EndProject
Project("{FAE04EC0-301F-11D3-BF4B-00C04F79EFBC}") = "Products.Integrations", "src\Modules\Products\Integrations\Products.Integrations.csproj", "{85862B70-DE74-4CCF-81D8-101F9EAF22B9}"
EndProject
Project("{2150E333-8FDC-42A3-9474-1A3956D46DE8}") = "Presentation", "Presentation", "{EC5A7968-3587-AFB1-7D60-FFEBD4C67D0E}"
EndProject
Project("{FAE04EC0-301F-11D3-BF4B-00C04F79EFBC}") = "Products.Presentation", "src\Modules\Products\Presentation\Products.Presentation.csproj", "{B5F4A2F8-67DC-4272-AF4C-582816BA0B1D}"
EndProject
Project("{2150E333-8FDC-42A3-9474-1A3956D46DE8}") = "test", "test", "{0A1C0C78-C611-C218-BDC2-68FC2D3DF323}"
EndProject
Project("{FAE04EC0-301F-11D3-BF4B-00C04F79EFBC}") = "Products.test.UnitTests", "src\Modules\Products\test\UnitTests\Products.test.UnitTests.csproj", "{75F2D279-8800-428B-9E9C-7E0798EC19E7}"
EndProject
Project("{FAE04EC0-301F-11D3-BF4B-00C04F79EFBC}") = "Products.test.IntegrationTests", "src\Modules\Products\test\IntegrationTests\Products.test.IntegrationTests.csproj", "{BA0F7FB5-7568-4709-9D16-88E1216CA93A}"
EndProject
Project("{2150E333-8FDC-42A3-9474-1A3956D46DE8}") = "Rules", "Rules", "{7EA33E9A-A5A2-4A5D-B5E0-F513FB7EE0CA}"
	ProjectSection(SolutionItems) = preProject
		src\Modules\Products\Rules\portfolio.rules.json = src\Modules\Products\Rules\portfolio.rules.json
		src\Modules\Products\Rules\contribution.rules.json = src\Modules\Products\Rules\contribution.rules.json
		src\Modules\Products\Rules\objectives.rules.json = src\Modules\Products\Rules\objectives.rules.json
	EndProjectSection
EndProject
Project("{2150E333-8FDC-42A3-9474-1A3956D46DE8}") = "Rules", "Rules", "{A8158072-1059-417C-94E1-30B1081CC05C}"
	ProjectSection(SolutionItems) = preProject
		src\Modules\People\Rules\people.rules.json = src\Modules\People\Rules\people.rules.json
	EndProjectSection
EndProject
Project("{2150E333-8FDC-42A3-9474-1A3956D46DE8}") = "Operations", "Operations", "{7217BF7A-28F7-63A4-30A6-0800D8D30F1E}"
EndProject
Project("{2150E333-8FDC-42A3-9474-1A3956D46DE8}") = "Application", "Application", "{9F98FF3E-B53B-CC1B-8116-366DDC7A0B54}"
EndProject
Project("{FAE04EC0-301F-11D3-BF4B-00C04F79EFBC}") = "Operations.Application", "src\Modules\Operations\Application\Operations.Application.csproj", "{86BC0CE9-1FE6-4D2D-95FA-89CE6E1AF7FF}"
EndProject
Project("{2150E333-8FDC-42A3-9474-1A3956D46DE8}") = "Domain", "Domain", "{BA228908-3643-7DF5-7AAF-79616A412367}"
EndProject
Project("{FAE04EC0-301F-11D3-BF4B-00C04F79EFBC}") = "Operations.Domain", "src\Modules\Operations\Domain\Operations.Domain.csproj", "{1B38486B-52E6-4DCF-9B97-FA7E05583072}"
EndProject
Project("{2150E333-8FDC-42A3-9474-1A3956D46DE8}") = "Infrastructure", "Infrastructure", "{9093D8D1-67ED-191D-3CCC-8E3A4276538A}"
EndProject
Project("{FAE04EC0-301F-11D3-BF4B-00C04F79EFBC}") = "Operations.Infrastructure", "src\Modules\Operations\Infrastructure\Operations.Infrastructure.csproj", "{27EF7B73-C5B9-4A6D-9FBB-CF5635F73AAF}"
EndProject
Project("{2150E333-8FDC-42A3-9474-1A3956D46DE8}") = "Integrations", "Integrations", "{8EEAE124-1B10-10EF-B05A-3E5049282903}"
EndProject
Project("{FAE04EC0-301F-11D3-BF4B-00C04F79EFBC}") = "Operations.Integrations", "src\Modules\Operations\Integrations\Operations.Integrations.csproj", "{6074BB67-2FF5-45ED-810C-8ADB5FFE4969}"
EndProject
Project("{2150E333-8FDC-42A3-9474-1A3956D46DE8}") = "Presentation", "Presentation", "{42BD160F-3816-4223-27C4-C9A76A1A480D}"
EndProject
Project("{FAE04EC0-301F-11D3-BF4B-00C04F79EFBC}") = "Operations.Presentation", "src\Modules\Operations\Presentation\Operations.Presentation.csproj", "{79604625-F4ED-4535-8AD7-8FD319B1644C}"
EndProject
Project("{2150E333-8FDC-42A3-9474-1A3956D46DE8}") = "test", "test", "{B4995B60-FFEB-5B8B-F7B9-80CA76F42C9C}"
EndProject
Project("{FAE04EC0-301F-11D3-BF4B-00C04F79EFBC}") = "Operations.test.UnitTests", "src\Modules\Operations\test\UnitTests\Operations.test.UnitTests.csproj", "{58BECBC4-D993-4DA8-9D2D-90915ED60026}"
EndProject
Project("{FAE04EC0-301F-11D3-BF4B-00C04F79EFBC}") = "Operations.test.IntegrationTests", "src\Modules\Operations\test\IntegrationTests\Operations.test.IntegrationTests.csproj", "{42C9856B-316E-4187-A5A1-ADE0A3A7D713}"
EndProject
Project("{2150E333-8FDC-42A3-9474-1A3956D46DE8}") = "Rules", "Rules", "{407EDC69-CB64-47F8-AF77-7BD38EAD22FB}"
	ProjectSection(SolutionItems) = preProject
		src\Modules\Operations\Rules\operations.rules.json = src\Modules\Operations\Rules\operations.rules.json
	EndProjectSection
EndProject
Project("{2150E333-8FDC-42A3-9474-1A3956D46DE8}") = "IntegrationEvents", "IntegrationEvents", "{1091AF0D-0C01-4ED1-9CE2-05F621B5960B}"
EndProject
Project("{FAE04EC0-301F-11D3-BF4B-00C04F79EFBC}") = "People.IntegrationEvents", "src\Modules\People\IntegrationEvents\People.IntegrationEvents\People.IntegrationEvents.csproj", "{A183F83C-FB74-485A-8455-670425E79EA5}"
EndProject
Project("{2150E333-8FDC-42A3-9474-1A3956D46DE8}") = "IntegrationEvents", "IntegrationEvents", "{1240C8EB-15B0-4309-A04C-1E0353B978AD}"
EndProject
Project("{FAE04EC0-301F-11D3-BF4B-00C04F79EFBC}") = "Products.IntegrationEvents", "src\Modules\Products\IntegrationEvents\Products.IntegrationEvents\Products.IntegrationEvents.csproj", "{EDAF8E54-66F7-4F85-A9C5-7ECB6F5A6763}"
EndProject
Project("{2150E333-8FDC-42A3-9474-1A3956D46DE8}") = "IntegrationEvents", "IntegrationEvents", "{1846D6CA-4E85-46F5-9106-52E8B0542AD1}"
EndProject
Project("{FAE04EC0-301F-11D3-BF4B-00C04F79EFBC}") = "Associate.IntegrationEvents", "src\Modules\Associate\IntegrationEvents\Associate.IntegrationEvents\Associate.IntegrationEvents.csproj", "{01F5734A-88FB-4571-AB36-0DE4C8BFFFAA}"
EndProject
Global
	GlobalSection(SolutionConfigurationPlatforms) = preSolution
		Debug|Any CPU = Debug|Any CPU
		Debug|x64 = Debug|x64
		Debug|x86 = Debug|x86
		Release|Any CPU = Release|Any CPU
		Release|x64 = Release|x64
		Release|x86 = Release|x86
	EndGlobalSection
	GlobalSection(ProjectConfigurationPlatforms) = postSolution
		{4C5C2C3D-0B2F-456E-9FC3-42AF6CFAD587}.Debug|Any CPU.ActiveCfg = Debug|Any CPU
		{4C5C2C3D-0B2F-456E-9FC3-42AF6CFAD587}.Debug|Any CPU.Build.0 = Debug|Any CPU
		{4C5C2C3D-0B2F-456E-9FC3-42AF6CFAD587}.Debug|x64.ActiveCfg = Debug|Any CPU
		{4C5C2C3D-0B2F-456E-9FC3-42AF6CFAD587}.Debug|x64.Build.0 = Debug|Any CPU
		{4C5C2C3D-0B2F-456E-9FC3-42AF6CFAD587}.Debug|x86.ActiveCfg = Debug|Any CPU
		{4C5C2C3D-0B2F-456E-9FC3-42AF6CFAD587}.Debug|x86.Build.0 = Debug|Any CPU
		{4C5C2C3D-0B2F-456E-9FC3-42AF6CFAD587}.Release|Any CPU.ActiveCfg = Release|Any CPU
		{4C5C2C3D-0B2F-456E-9FC3-42AF6CFAD587}.Release|Any CPU.Build.0 = Release|Any CPU
		{4C5C2C3D-0B2F-456E-9FC3-42AF6CFAD587}.Release|x64.ActiveCfg = Release|Any CPU
		{4C5C2C3D-0B2F-456E-9FC3-42AF6CFAD587}.Release|x64.Build.0 = Release|Any CPU
		{4C5C2C3D-0B2F-456E-9FC3-42AF6CFAD587}.Release|x86.ActiveCfg = Release|Any CPU
		{4C5C2C3D-0B2F-456E-9FC3-42AF6CFAD587}.Release|x86.Build.0 = Release|Any CPU
		{5317766D-2EDD-469F-ADB0-A06ED6ACE5CA}.Debug|Any CPU.ActiveCfg = Debug|Any CPU
		{5317766D-2EDD-469F-ADB0-A06ED6ACE5CA}.Debug|Any CPU.Build.0 = Debug|Any CPU
		{5317766D-2EDD-469F-ADB0-A06ED6ACE5CA}.Debug|x64.ActiveCfg = Debug|Any CPU
		{5317766D-2EDD-469F-ADB0-A06ED6ACE5CA}.Debug|x64.Build.0 = Debug|Any CPU
		{5317766D-2EDD-469F-ADB0-A06ED6ACE5CA}.Debug|x86.ActiveCfg = Debug|Any CPU
		{5317766D-2EDD-469F-ADB0-A06ED6ACE5CA}.Debug|x86.Build.0 = Debug|Any CPU
		{5317766D-2EDD-469F-ADB0-A06ED6ACE5CA}.Release|Any CPU.ActiveCfg = Release|Any CPU
		{5317766D-2EDD-469F-ADB0-A06ED6ACE5CA}.Release|Any CPU.Build.0 = Release|Any CPU
		{5317766D-2EDD-469F-ADB0-A06ED6ACE5CA}.Release|x64.ActiveCfg = Release|Any CPU
		{5317766D-2EDD-469F-ADB0-A06ED6ACE5CA}.Release|x64.Build.0 = Release|Any CPU
		{5317766D-2EDD-469F-ADB0-A06ED6ACE5CA}.Release|x86.ActiveCfg = Release|Any CPU
		{5317766D-2EDD-469F-ADB0-A06ED6ACE5CA}.Release|x86.Build.0 = Release|Any CPU
		{A266D473-4411-4C3C-9322-1B607B7EB184}.Debug|Any CPU.ActiveCfg = Debug|Any CPU
		{A266D473-4411-4C3C-9322-1B607B7EB184}.Debug|Any CPU.Build.0 = Debug|Any CPU
		{A266D473-4411-4C3C-9322-1B607B7EB184}.Debug|x64.ActiveCfg = Debug|Any CPU
		{A266D473-4411-4C3C-9322-1B607B7EB184}.Debug|x64.Build.0 = Debug|Any CPU
		{A266D473-4411-4C3C-9322-1B607B7EB184}.Debug|x86.ActiveCfg = Debug|Any CPU
		{A266D473-4411-4C3C-9322-1B607B7EB184}.Debug|x86.Build.0 = Debug|Any CPU
		{A266D473-4411-4C3C-9322-1B607B7EB184}.Release|Any CPU.ActiveCfg = Release|Any CPU
		{A266D473-4411-4C3C-9322-1B607B7EB184}.Release|Any CPU.Build.0 = Release|Any CPU
		{A266D473-4411-4C3C-9322-1B607B7EB184}.Release|x64.ActiveCfg = Release|Any CPU
		{A266D473-4411-4C3C-9322-1B607B7EB184}.Release|x64.Build.0 = Release|Any CPU
		{A266D473-4411-4C3C-9322-1B607B7EB184}.Release|x86.ActiveCfg = Release|Any CPU
		{A266D473-4411-4C3C-9322-1B607B7EB184}.Release|x86.Build.0 = Release|Any CPU
		{5BF45715-F0D6-45D6-B8D3-9F4E2CFB8BFF}.Debug|Any CPU.ActiveCfg = Debug|Any CPU
		{5BF45715-F0D6-45D6-B8D3-9F4E2CFB8BFF}.Debug|Any CPU.Build.0 = Debug|Any CPU
		{5BF45715-F0D6-45D6-B8D3-9F4E2CFB8BFF}.Debug|x64.ActiveCfg = Debug|Any CPU
		{5BF45715-F0D6-45D6-B8D3-9F4E2CFB8BFF}.Debug|x64.Build.0 = Debug|Any CPU
		{5BF45715-F0D6-45D6-B8D3-9F4E2CFB8BFF}.Debug|x86.ActiveCfg = Debug|Any CPU
		{5BF45715-F0D6-45D6-B8D3-9F4E2CFB8BFF}.Debug|x86.Build.0 = Debug|Any CPU
		{5BF45715-F0D6-45D6-B8D3-9F4E2CFB8BFF}.Release|Any CPU.ActiveCfg = Release|Any CPU
		{5BF45715-F0D6-45D6-B8D3-9F4E2CFB8BFF}.Release|Any CPU.Build.0 = Release|Any CPU
		{5BF45715-F0D6-45D6-B8D3-9F4E2CFB8BFF}.Release|x64.ActiveCfg = Release|Any CPU
		{5BF45715-F0D6-45D6-B8D3-9F4E2CFB8BFF}.Release|x64.Build.0 = Release|Any CPU
		{5BF45715-F0D6-45D6-B8D3-9F4E2CFB8BFF}.Release|x86.ActiveCfg = Release|Any CPU
		{5BF45715-F0D6-45D6-B8D3-9F4E2CFB8BFF}.Release|x86.Build.0 = Release|Any CPU
		{F49F2F19-2DD8-421C-833F-13794C3C1A76}.Debug|Any CPU.ActiveCfg = Debug|Any CPU
		{F49F2F19-2DD8-421C-833F-13794C3C1A76}.Debug|Any CPU.Build.0 = Debug|Any CPU
		{F49F2F19-2DD8-421C-833F-13794C3C1A76}.Debug|x64.ActiveCfg = Debug|Any CPU
		{F49F2F19-2DD8-421C-833F-13794C3C1A76}.Debug|x64.Build.0 = Debug|Any CPU
		{F49F2F19-2DD8-421C-833F-13794C3C1A76}.Debug|x86.ActiveCfg = Debug|Any CPU
		{F49F2F19-2DD8-421C-833F-13794C3C1A76}.Debug|x86.Build.0 = Debug|Any CPU
		{F49F2F19-2DD8-421C-833F-13794C3C1A76}.Release|Any CPU.ActiveCfg = Release|Any CPU
		{F49F2F19-2DD8-421C-833F-13794C3C1A76}.Release|Any CPU.Build.0 = Release|Any CPU
		{F49F2F19-2DD8-421C-833F-13794C3C1A76}.Release|x64.ActiveCfg = Release|Any CPU
		{F49F2F19-2DD8-421C-833F-13794C3C1A76}.Release|x64.Build.0 = Release|Any CPU
		{F49F2F19-2DD8-421C-833F-13794C3C1A76}.Release|x86.ActiveCfg = Release|Any CPU
		{F49F2F19-2DD8-421C-833F-13794C3C1A76}.Release|x86.Build.0 = Release|Any CPU
		{EA2387D4-1A17-4161-8C21-C102DCAFF175}.Debug|Any CPU.ActiveCfg = Debug|Any CPU
		{EA2387D4-1A17-4161-8C21-C102DCAFF175}.Debug|Any CPU.Build.0 = Debug|Any CPU
		{EA2387D4-1A17-4161-8C21-C102DCAFF175}.Debug|x64.ActiveCfg = Debug|Any CPU
		{EA2387D4-1A17-4161-8C21-C102DCAFF175}.Debug|x64.Build.0 = Debug|Any CPU
		{EA2387D4-1A17-4161-8C21-C102DCAFF175}.Debug|x86.ActiveCfg = Debug|Any CPU
		{EA2387D4-1A17-4161-8C21-C102DCAFF175}.Debug|x86.Build.0 = Debug|Any CPU
		{EA2387D4-1A17-4161-8C21-C102DCAFF175}.Release|Any CPU.ActiveCfg = Release|Any CPU
		{EA2387D4-1A17-4161-8C21-C102DCAFF175}.Release|Any CPU.Build.0 = Release|Any CPU
		{EA2387D4-1A17-4161-8C21-C102DCAFF175}.Release|x64.ActiveCfg = Release|Any CPU
		{EA2387D4-1A17-4161-8C21-C102DCAFF175}.Release|x64.Build.0 = Release|Any CPU
		{EA2387D4-1A17-4161-8C21-C102DCAFF175}.Release|x86.ActiveCfg = Release|Any CPU
		{EA2387D4-1A17-4161-8C21-C102DCAFF175}.Release|x86.Build.0 = Release|Any CPU
		{0A124284-E973-4338-B804-94FBF67D989A}.Debug|Any CPU.ActiveCfg = Debug|Any CPU
		{0A124284-E973-4338-B804-94FBF67D989A}.Debug|Any CPU.Build.0 = Debug|Any CPU
		{0A124284-E973-4338-B804-94FBF67D989A}.Debug|x64.ActiveCfg = Debug|Any CPU
		{0A124284-E973-4338-B804-94FBF67D989A}.Debug|x64.Build.0 = Debug|Any CPU
		{0A124284-E973-4338-B804-94FBF67D989A}.Debug|x86.ActiveCfg = Debug|Any CPU
		{0A124284-E973-4338-B804-94FBF67D989A}.Debug|x86.Build.0 = Debug|Any CPU
		{0A124284-E973-4338-B804-94FBF67D989A}.Release|Any CPU.ActiveCfg = Release|Any CPU
		{0A124284-E973-4338-B804-94FBF67D989A}.Release|Any CPU.Build.0 = Release|Any CPU
		{0A124284-E973-4338-B804-94FBF67D989A}.Release|x64.ActiveCfg = Release|Any CPU
		{0A124284-E973-4338-B804-94FBF67D989A}.Release|x64.Build.0 = Release|Any CPU
		{0A124284-E973-4338-B804-94FBF67D989A}.Release|x86.ActiveCfg = Release|Any CPU
		{0A124284-E973-4338-B804-94FBF67D989A}.Release|x86.Build.0 = Release|Any CPU
		{7A421B9C-C3FF-45AF-A69D-EF32A31ECCCD}.Debug|Any CPU.ActiveCfg = Debug|Any CPU
		{7A421B9C-C3FF-45AF-A69D-EF32A31ECCCD}.Debug|Any CPU.Build.0 = Debug|Any CPU
		{7A421B9C-C3FF-45AF-A69D-EF32A31ECCCD}.Debug|x64.ActiveCfg = Debug|Any CPU
		{7A421B9C-C3FF-45AF-A69D-EF32A31ECCCD}.Debug|x64.Build.0 = Debug|Any CPU
		{7A421B9C-C3FF-45AF-A69D-EF32A31ECCCD}.Debug|x86.ActiveCfg = Debug|Any CPU
		{7A421B9C-C3FF-45AF-A69D-EF32A31ECCCD}.Debug|x86.Build.0 = Debug|Any CPU
		{7A421B9C-C3FF-45AF-A69D-EF32A31ECCCD}.Release|Any CPU.ActiveCfg = Release|Any CPU
		{7A421B9C-C3FF-45AF-A69D-EF32A31ECCCD}.Release|Any CPU.Build.0 = Release|Any CPU
		{7A421B9C-C3FF-45AF-A69D-EF32A31ECCCD}.Release|x64.ActiveCfg = Release|Any CPU
		{7A421B9C-C3FF-45AF-A69D-EF32A31ECCCD}.Release|x64.Build.0 = Release|Any CPU
		{7A421B9C-C3FF-45AF-A69D-EF32A31ECCCD}.Release|x86.ActiveCfg = Release|Any CPU
		{7A421B9C-C3FF-45AF-A69D-EF32A31ECCCD}.Release|x86.Build.0 = Release|Any CPU
		{193E7CE6-3F2B-4DDA-A885-658FEF3C3329}.Debug|Any CPU.ActiveCfg = Debug|Any CPU
		{193E7CE6-3F2B-4DDA-A885-658FEF3C3329}.Debug|Any CPU.Build.0 = Debug|Any CPU
		{193E7CE6-3F2B-4DDA-A885-658FEF3C3329}.Debug|x64.ActiveCfg = Debug|Any CPU
		{193E7CE6-3F2B-4DDA-A885-658FEF3C3329}.Debug|x64.Build.0 = Debug|Any CPU
		{193E7CE6-3F2B-4DDA-A885-658FEF3C3329}.Debug|x86.ActiveCfg = Debug|Any CPU
		{193E7CE6-3F2B-4DDA-A885-658FEF3C3329}.Debug|x86.Build.0 = Debug|Any CPU
		{193E7CE6-3F2B-4DDA-A885-658FEF3C3329}.Release|Any CPU.ActiveCfg = Release|Any CPU
		{193E7CE6-3F2B-4DDA-A885-658FEF3C3329}.Release|Any CPU.Build.0 = Release|Any CPU
		{193E7CE6-3F2B-4DDA-A885-658FEF3C3329}.Release|x64.ActiveCfg = Release|Any CPU
		{193E7CE6-3F2B-4DDA-A885-658FEF3C3329}.Release|x64.Build.0 = Release|Any CPU
		{193E7CE6-3F2B-4DDA-A885-658FEF3C3329}.Release|x86.ActiveCfg = Release|Any CPU
		{193E7CE6-3F2B-4DDA-A885-658FEF3C3329}.Release|x86.Build.0 = Release|Any CPU
		{CA905344-E3D0-402C-9BB4-CE1C4C1CBAFB}.Debug|Any CPU.ActiveCfg = Debug|Any CPU
		{CA905344-E3D0-402C-9BB4-CE1C4C1CBAFB}.Debug|Any CPU.Build.0 = Debug|Any CPU
		{CA905344-E3D0-402C-9BB4-CE1C4C1CBAFB}.Debug|x64.ActiveCfg = Debug|Any CPU
		{CA905344-E3D0-402C-9BB4-CE1C4C1CBAFB}.Debug|x64.Build.0 = Debug|Any CPU
		{CA905344-E3D0-402C-9BB4-CE1C4C1CBAFB}.Debug|x86.ActiveCfg = Debug|Any CPU
		{CA905344-E3D0-402C-9BB4-CE1C4C1CBAFB}.Debug|x86.Build.0 = Debug|Any CPU
		{CA905344-E3D0-402C-9BB4-CE1C4C1CBAFB}.Release|Any CPU.ActiveCfg = Release|Any CPU
		{CA905344-E3D0-402C-9BB4-CE1C4C1CBAFB}.Release|Any CPU.Build.0 = Release|Any CPU
		{CA905344-E3D0-402C-9BB4-CE1C4C1CBAFB}.Release|x64.ActiveCfg = Release|Any CPU
		{CA905344-E3D0-402C-9BB4-CE1C4C1CBAFB}.Release|x64.Build.0 = Release|Any CPU
		{CA905344-E3D0-402C-9BB4-CE1C4C1CBAFB}.Release|x86.ActiveCfg = Release|Any CPU
		{CA905344-E3D0-402C-9BB4-CE1C4C1CBAFB}.Release|x86.Build.0 = Release|Any CPU
		{55E903A6-9F6F-4BF9-8F19-30AD00C703D8}.Debug|Any CPU.ActiveCfg = Debug|Any CPU
		{55E903A6-9F6F-4BF9-8F19-30AD00C703D8}.Debug|Any CPU.Build.0 = Debug|Any CPU
		{55E903A6-9F6F-4BF9-8F19-30AD00C703D8}.Debug|x64.ActiveCfg = Debug|Any CPU
		{55E903A6-9F6F-4BF9-8F19-30AD00C703D8}.Debug|x64.Build.0 = Debug|Any CPU
		{55E903A6-9F6F-4BF9-8F19-30AD00C703D8}.Debug|x86.ActiveCfg = Debug|Any CPU
		{55E903A6-9F6F-4BF9-8F19-30AD00C703D8}.Debug|x86.Build.0 = Debug|Any CPU
		{55E903A6-9F6F-4BF9-8F19-30AD00C703D8}.Release|Any CPU.ActiveCfg = Release|Any CPU
		{55E903A6-9F6F-4BF9-8F19-30AD00C703D8}.Release|Any CPU.Build.0 = Release|Any CPU
		{55E903A6-9F6F-4BF9-8F19-30AD00C703D8}.Release|x64.ActiveCfg = Release|Any CPU
		{55E903A6-9F6F-4BF9-8F19-30AD00C703D8}.Release|x64.Build.0 = Release|Any CPU
		{55E903A6-9F6F-4BF9-8F19-30AD00C703D8}.Release|x86.ActiveCfg = Release|Any CPU
		{55E903A6-9F6F-4BF9-8F19-30AD00C703D8}.Release|x86.Build.0 = Release|Any CPU
		{31671163-0035-4D36-A0C5-1EC08ED15C62}.Debug|Any CPU.ActiveCfg = Debug|Any CPU
		{31671163-0035-4D36-A0C5-1EC08ED15C62}.Debug|Any CPU.Build.0 = Debug|Any CPU
		{31671163-0035-4D36-A0C5-1EC08ED15C62}.Debug|x64.ActiveCfg = Debug|Any CPU
		{31671163-0035-4D36-A0C5-1EC08ED15C62}.Debug|x64.Build.0 = Debug|Any CPU
		{31671163-0035-4D36-A0C5-1EC08ED15C62}.Debug|x86.ActiveCfg = Debug|Any CPU
		{31671163-0035-4D36-A0C5-1EC08ED15C62}.Debug|x86.Build.0 = Debug|Any CPU
		{31671163-0035-4D36-A0C5-1EC08ED15C62}.Release|Any CPU.ActiveCfg = Release|Any CPU
		{31671163-0035-4D36-A0C5-1EC08ED15C62}.Release|Any CPU.Build.0 = Release|Any CPU
		{31671163-0035-4D36-A0C5-1EC08ED15C62}.Release|x64.ActiveCfg = Release|Any CPU
		{31671163-0035-4D36-A0C5-1EC08ED15C62}.Release|x64.Build.0 = Release|Any CPU
		{31671163-0035-4D36-A0C5-1EC08ED15C62}.Release|x86.ActiveCfg = Release|Any CPU
		{31671163-0035-4D36-A0C5-1EC08ED15C62}.Release|x86.Build.0 = Release|Any CPU
		{28DF0D67-8F2D-4B24-A650-72B8FB69F202}.Debug|Any CPU.ActiveCfg = Debug|Any CPU
		{28DF0D67-8F2D-4B24-A650-72B8FB69F202}.Debug|Any CPU.Build.0 = Debug|Any CPU
		{28DF0D67-8F2D-4B24-A650-72B8FB69F202}.Debug|x64.ActiveCfg = Debug|Any CPU
		{28DF0D67-8F2D-4B24-A650-72B8FB69F202}.Debug|x64.Build.0 = Debug|Any CPU
		{28DF0D67-8F2D-4B24-A650-72B8FB69F202}.Debug|x86.ActiveCfg = Debug|Any CPU
		{28DF0D67-8F2D-4B24-A650-72B8FB69F202}.Debug|x86.Build.0 = Debug|Any CPU
		{28DF0D67-8F2D-4B24-A650-72B8FB69F202}.Release|Any CPU.ActiveCfg = Release|Any CPU
		{28DF0D67-8F2D-4B24-A650-72B8FB69F202}.Release|Any CPU.Build.0 = Release|Any CPU
		{28DF0D67-8F2D-4B24-A650-72B8FB69F202}.Release|x64.ActiveCfg = Release|Any CPU
		{28DF0D67-8F2D-4B24-A650-72B8FB69F202}.Release|x64.Build.0 = Release|Any CPU
		{28DF0D67-8F2D-4B24-A650-72B8FB69F202}.Release|x86.ActiveCfg = Release|Any CPU
		{28DF0D67-8F2D-4B24-A650-72B8FB69F202}.Release|x86.Build.0 = Release|Any CPU
		{7FE08A9B-487A-4480-8284-91655F1D55F0}.Debug|Any CPU.ActiveCfg = Debug|Any CPU
		{7FE08A9B-487A-4480-8284-91655F1D55F0}.Debug|Any CPU.Build.0 = Debug|Any CPU
		{7FE08A9B-487A-4480-8284-91655F1D55F0}.Debug|x64.ActiveCfg = Debug|Any CPU
		{7FE08A9B-487A-4480-8284-91655F1D55F0}.Debug|x64.Build.0 = Debug|Any CPU
		{7FE08A9B-487A-4480-8284-91655F1D55F0}.Debug|x86.ActiveCfg = Debug|Any CPU
		{7FE08A9B-487A-4480-8284-91655F1D55F0}.Debug|x86.Build.0 = Debug|Any CPU
		{7FE08A9B-487A-4480-8284-91655F1D55F0}.Release|Any CPU.ActiveCfg = Release|Any CPU
		{7FE08A9B-487A-4480-8284-91655F1D55F0}.Release|Any CPU.Build.0 = Release|Any CPU
		{7FE08A9B-487A-4480-8284-91655F1D55F0}.Release|x64.ActiveCfg = Release|Any CPU
		{7FE08A9B-487A-4480-8284-91655F1D55F0}.Release|x64.Build.0 = Release|Any CPU
		{7FE08A9B-487A-4480-8284-91655F1D55F0}.Release|x86.ActiveCfg = Release|Any CPU
		{7FE08A9B-487A-4480-8284-91655F1D55F0}.Release|x86.Build.0 = Release|Any CPU
		{A98FB798-DFCF-4ACD-A3AF-1B4A8C738344}.Debug|Any CPU.ActiveCfg = Debug|Any CPU
		{A98FB798-DFCF-4ACD-A3AF-1B4A8C738344}.Debug|Any CPU.Build.0 = Debug|Any CPU
		{A98FB798-DFCF-4ACD-A3AF-1B4A8C738344}.Debug|x64.ActiveCfg = Debug|Any CPU
		{A98FB798-DFCF-4ACD-A3AF-1B4A8C738344}.Debug|x64.Build.0 = Debug|Any CPU
		{A98FB798-DFCF-4ACD-A3AF-1B4A8C738344}.Debug|x86.ActiveCfg = Debug|Any CPU
		{A98FB798-DFCF-4ACD-A3AF-1B4A8C738344}.Debug|x86.Build.0 = Debug|Any CPU
		{A98FB798-DFCF-4ACD-A3AF-1B4A8C738344}.Release|Any CPU.ActiveCfg = Release|Any CPU
		{A98FB798-DFCF-4ACD-A3AF-1B4A8C738344}.Release|Any CPU.Build.0 = Release|Any CPU
		{A98FB798-DFCF-4ACD-A3AF-1B4A8C738344}.Release|x64.ActiveCfg = Release|Any CPU
		{A98FB798-DFCF-4ACD-A3AF-1B4A8C738344}.Release|x64.Build.0 = Release|Any CPU
		{A98FB798-DFCF-4ACD-A3AF-1B4A8C738344}.Release|x86.ActiveCfg = Release|Any CPU
		{A98FB798-DFCF-4ACD-A3AF-1B4A8C738344}.Release|x86.Build.0 = Release|Any CPU
		{FF33A311-3074-4E51-9B47-6205C4A0E5F3}.Debug|Any CPU.ActiveCfg = Debug|Any CPU
		{FF33A311-3074-4E51-9B47-6205C4A0E5F3}.Debug|Any CPU.Build.0 = Debug|Any CPU
		{FF33A311-3074-4E51-9B47-6205C4A0E5F3}.Debug|x64.ActiveCfg = Debug|Any CPU
		{FF33A311-3074-4E51-9B47-6205C4A0E5F3}.Debug|x64.Build.0 = Debug|Any CPU
		{FF33A311-3074-4E51-9B47-6205C4A0E5F3}.Debug|x86.ActiveCfg = Debug|Any CPU
		{FF33A311-3074-4E51-9B47-6205C4A0E5F3}.Debug|x86.Build.0 = Debug|Any CPU
		{FF33A311-3074-4E51-9B47-6205C4A0E5F3}.Release|Any CPU.ActiveCfg = Release|Any CPU
		{FF33A311-3074-4E51-9B47-6205C4A0E5F3}.Release|Any CPU.Build.0 = Release|Any CPU
		{FF33A311-3074-4E51-9B47-6205C4A0E5F3}.Release|x64.ActiveCfg = Release|Any CPU
		{FF33A311-3074-4E51-9B47-6205C4A0E5F3}.Release|x64.Build.0 = Release|Any CPU
		{FF33A311-3074-4E51-9B47-6205C4A0E5F3}.Release|x86.ActiveCfg = Release|Any CPU
		{FF33A311-3074-4E51-9B47-6205C4A0E5F3}.Release|x86.Build.0 = Release|Any CPU
		{158809AD-4EAA-4A98-9C91-D8D68D2322B5}.Debug|Any CPU.ActiveCfg = Debug|Any CPU
		{158809AD-4EAA-4A98-9C91-D8D68D2322B5}.Debug|Any CPU.Build.0 = Debug|Any CPU
		{158809AD-4EAA-4A98-9C91-D8D68D2322B5}.Debug|x64.ActiveCfg = Debug|Any CPU
		{158809AD-4EAA-4A98-9C91-D8D68D2322B5}.Debug|x64.Build.0 = Debug|Any CPU
		{158809AD-4EAA-4A98-9C91-D8D68D2322B5}.Debug|x86.ActiveCfg = Debug|Any CPU
		{158809AD-4EAA-4A98-9C91-D8D68D2322B5}.Debug|x86.Build.0 = Debug|Any CPU
		{158809AD-4EAA-4A98-9C91-D8D68D2322B5}.Release|Any CPU.ActiveCfg = Release|Any CPU
		{158809AD-4EAA-4A98-9C91-D8D68D2322B5}.Release|Any CPU.Build.0 = Release|Any CPU
		{158809AD-4EAA-4A98-9C91-D8D68D2322B5}.Release|x64.ActiveCfg = Release|Any CPU
		{158809AD-4EAA-4A98-9C91-D8D68D2322B5}.Release|x64.Build.0 = Release|Any CPU
		{158809AD-4EAA-4A98-9C91-D8D68D2322B5}.Release|x86.ActiveCfg = Release|Any CPU
		{158809AD-4EAA-4A98-9C91-D8D68D2322B5}.Release|x86.Build.0 = Release|Any CPU
		{041AFD79-4B23-4A22-8ACC-D76C06CFEFB8}.Debug|Any CPU.ActiveCfg = Debug|Any CPU
		{041AFD79-4B23-4A22-8ACC-D76C06CFEFB8}.Debug|Any CPU.Build.0 = Debug|Any CPU
		{041AFD79-4B23-4A22-8ACC-D76C06CFEFB8}.Debug|x64.ActiveCfg = Debug|Any CPU
		{041AFD79-4B23-4A22-8ACC-D76C06CFEFB8}.Debug|x64.Build.0 = Debug|Any CPU
		{041AFD79-4B23-4A22-8ACC-D76C06CFEFB8}.Debug|x86.ActiveCfg = Debug|Any CPU
		{041AFD79-4B23-4A22-8ACC-D76C06CFEFB8}.Debug|x86.Build.0 = Debug|Any CPU
		{041AFD79-4B23-4A22-8ACC-D76C06CFEFB8}.Release|Any CPU.ActiveCfg = Release|Any CPU
		{041AFD79-4B23-4A22-8ACC-D76C06CFEFB8}.Release|Any CPU.Build.0 = Release|Any CPU
		{041AFD79-4B23-4A22-8ACC-D76C06CFEFB8}.Release|x64.ActiveCfg = Release|Any CPU
		{041AFD79-4B23-4A22-8ACC-D76C06CFEFB8}.Release|x64.Build.0 = Release|Any CPU
		{041AFD79-4B23-4A22-8ACC-D76C06CFEFB8}.Release|x86.ActiveCfg = Release|Any CPU
		{041AFD79-4B23-4A22-8ACC-D76C06CFEFB8}.Release|x86.Build.0 = Release|Any CPU
		{98569576-8B8F-4F63-9710-C77E18C4D2B0}.Debug|Any CPU.ActiveCfg = Debug|Any CPU
		{98569576-8B8F-4F63-9710-C77E18C4D2B0}.Debug|Any CPU.Build.0 = Debug|Any CPU
		{98569576-8B8F-4F63-9710-C77E18C4D2B0}.Debug|x64.ActiveCfg = Debug|Any CPU
		{98569576-8B8F-4F63-9710-C77E18C4D2B0}.Debug|x64.Build.0 = Debug|Any CPU
		{98569576-8B8F-4F63-9710-C77E18C4D2B0}.Debug|x86.ActiveCfg = Debug|Any CPU
		{98569576-8B8F-4F63-9710-C77E18C4D2B0}.Debug|x86.Build.0 = Debug|Any CPU
		{98569576-8B8F-4F63-9710-C77E18C4D2B0}.Release|Any CPU.ActiveCfg = Release|Any CPU
		{98569576-8B8F-4F63-9710-C77E18C4D2B0}.Release|Any CPU.Build.0 = Release|Any CPU
		{98569576-8B8F-4F63-9710-C77E18C4D2B0}.Release|x64.ActiveCfg = Release|Any CPU
		{98569576-8B8F-4F63-9710-C77E18C4D2B0}.Release|x64.Build.0 = Release|Any CPU
		{98569576-8B8F-4F63-9710-C77E18C4D2B0}.Release|x86.ActiveCfg = Release|Any CPU
		{98569576-8B8F-4F63-9710-C77E18C4D2B0}.Release|x86.Build.0 = Release|Any CPU
		{021F4898-276A-4822-B912-574BF74BD374}.Debug|Any CPU.ActiveCfg = Debug|Any CPU
		{021F4898-276A-4822-B912-574BF74BD374}.Debug|Any CPU.Build.0 = Debug|Any CPU
		{021F4898-276A-4822-B912-574BF74BD374}.Debug|x64.ActiveCfg = Debug|Any CPU
		{021F4898-276A-4822-B912-574BF74BD374}.Debug|x64.Build.0 = Debug|Any CPU
		{021F4898-276A-4822-B912-574BF74BD374}.Debug|x86.ActiveCfg = Debug|Any CPU
		{021F4898-276A-4822-B912-574BF74BD374}.Debug|x86.Build.0 = Debug|Any CPU
		{021F4898-276A-4822-B912-574BF74BD374}.Release|Any CPU.ActiveCfg = Release|Any CPU
		{021F4898-276A-4822-B912-574BF74BD374}.Release|Any CPU.Build.0 = Release|Any CPU
		{021F4898-276A-4822-B912-574BF74BD374}.Release|x64.ActiveCfg = Release|Any CPU
		{021F4898-276A-4822-B912-574BF74BD374}.Release|x64.Build.0 = Release|Any CPU
		{021F4898-276A-4822-B912-574BF74BD374}.Release|x86.ActiveCfg = Release|Any CPU
		{021F4898-276A-4822-B912-574BF74BD374}.Release|x86.Build.0 = Release|Any CPU
		{8BAC7130-3356-4E3F-89D4-9CB56FEBBECC}.Debug|Any CPU.ActiveCfg = Debug|Any CPU
		{8BAC7130-3356-4E3F-89D4-9CB56FEBBECC}.Debug|Any CPU.Build.0 = Debug|Any CPU
		{8BAC7130-3356-4E3F-89D4-9CB56FEBBECC}.Debug|x64.ActiveCfg = Debug|Any CPU
		{8BAC7130-3356-4E3F-89D4-9CB56FEBBECC}.Debug|x64.Build.0 = Debug|Any CPU
		{8BAC7130-3356-4E3F-89D4-9CB56FEBBECC}.Debug|x86.ActiveCfg = Debug|Any CPU
		{8BAC7130-3356-4E3F-89D4-9CB56FEBBECC}.Debug|x86.Build.0 = Debug|Any CPU
		{8BAC7130-3356-4E3F-89D4-9CB56FEBBECC}.Release|Any CPU.ActiveCfg = Release|Any CPU
		{8BAC7130-3356-4E3F-89D4-9CB56FEBBECC}.Release|Any CPU.Build.0 = Release|Any CPU
		{8BAC7130-3356-4E3F-89D4-9CB56FEBBECC}.Release|x64.ActiveCfg = Release|Any CPU
		{8BAC7130-3356-4E3F-89D4-9CB56FEBBECC}.Release|x64.Build.0 = Release|Any CPU
		{8BAC7130-3356-4E3F-89D4-9CB56FEBBECC}.Release|x86.ActiveCfg = Release|Any CPU
		{8BAC7130-3356-4E3F-89D4-9CB56FEBBECC}.Release|x86.Build.0 = Release|Any CPU
		{F44B4706-55BE-4299-BC93-E36ABA4D5B1A}.Debug|Any CPU.ActiveCfg = Debug|Any CPU
		{F44B4706-55BE-4299-BC93-E36ABA4D5B1A}.Debug|Any CPU.Build.0 = Debug|Any CPU
		{F44B4706-55BE-4299-BC93-E36ABA4D5B1A}.Debug|x64.ActiveCfg = Debug|Any CPU
		{F44B4706-55BE-4299-BC93-E36ABA4D5B1A}.Debug|x64.Build.0 = Debug|Any CPU
		{F44B4706-55BE-4299-BC93-E36ABA4D5B1A}.Debug|x86.ActiveCfg = Debug|Any CPU
		{F44B4706-55BE-4299-BC93-E36ABA4D5B1A}.Debug|x86.Build.0 = Debug|Any CPU
		{F44B4706-55BE-4299-BC93-E36ABA4D5B1A}.Release|Any CPU.ActiveCfg = Release|Any CPU
		{F44B4706-55BE-4299-BC93-E36ABA4D5B1A}.Release|Any CPU.Build.0 = Release|Any CPU
		{F44B4706-55BE-4299-BC93-E36ABA4D5B1A}.Release|x64.ActiveCfg = Release|Any CPU
		{F44B4706-55BE-4299-BC93-E36ABA4D5B1A}.Release|x64.Build.0 = Release|Any CPU
		{F44B4706-55BE-4299-BC93-E36ABA4D5B1A}.Release|x86.ActiveCfg = Release|Any CPU
		{F44B4706-55BE-4299-BC93-E36ABA4D5B1A}.Release|x86.Build.0 = Release|Any CPU
		{F39CE962-69E4-409D-AEA7-A46EEA2C0DC9}.Debug|Any CPU.ActiveCfg = Debug|Any CPU
		{F39CE962-69E4-409D-AEA7-A46EEA2C0DC9}.Debug|Any CPU.Build.0 = Debug|Any CPU
		{F39CE962-69E4-409D-AEA7-A46EEA2C0DC9}.Debug|x64.ActiveCfg = Debug|Any CPU
		{F39CE962-69E4-409D-AEA7-A46EEA2C0DC9}.Debug|x64.Build.0 = Debug|Any CPU
		{F39CE962-69E4-409D-AEA7-A46EEA2C0DC9}.Debug|x86.ActiveCfg = Debug|Any CPU
		{F39CE962-69E4-409D-AEA7-A46EEA2C0DC9}.Debug|x86.Build.0 = Debug|Any CPU
		{F39CE962-69E4-409D-AEA7-A46EEA2C0DC9}.Release|Any CPU.ActiveCfg = Release|Any CPU
		{F39CE962-69E4-409D-AEA7-A46EEA2C0DC9}.Release|Any CPU.Build.0 = Release|Any CPU
		{F39CE962-69E4-409D-AEA7-A46EEA2C0DC9}.Release|x64.ActiveCfg = Release|Any CPU
		{F39CE962-69E4-409D-AEA7-A46EEA2C0DC9}.Release|x64.Build.0 = Release|Any CPU
		{F39CE962-69E4-409D-AEA7-A46EEA2C0DC9}.Release|x86.ActiveCfg = Release|Any CPU
		{F39CE962-69E4-409D-AEA7-A46EEA2C0DC9}.Release|x86.Build.0 = Release|Any CPU
		{CA283E72-0C0E-4E0A-A13D-60D3CCBFB4C4}.Debug|Any CPU.ActiveCfg = Debug|Any CPU
		{CA283E72-0C0E-4E0A-A13D-60D3CCBFB4C4}.Debug|Any CPU.Build.0 = Debug|Any CPU
		{CA283E72-0C0E-4E0A-A13D-60D3CCBFB4C4}.Debug|x64.ActiveCfg = Debug|Any CPU
		{CA283E72-0C0E-4E0A-A13D-60D3CCBFB4C4}.Debug|x64.Build.0 = Debug|Any CPU
		{CA283E72-0C0E-4E0A-A13D-60D3CCBFB4C4}.Debug|x86.ActiveCfg = Debug|Any CPU
		{CA283E72-0C0E-4E0A-A13D-60D3CCBFB4C4}.Debug|x86.Build.0 = Debug|Any CPU
		{CA283E72-0C0E-4E0A-A13D-60D3CCBFB4C4}.Release|Any CPU.ActiveCfg = Release|Any CPU
		{CA283E72-0C0E-4E0A-A13D-60D3CCBFB4C4}.Release|Any CPU.Build.0 = Release|Any CPU
		{CA283E72-0C0E-4E0A-A13D-60D3CCBFB4C4}.Release|x64.ActiveCfg = Release|Any CPU
		{CA283E72-0C0E-4E0A-A13D-60D3CCBFB4C4}.Release|x64.Build.0 = Release|Any CPU
		{CA283E72-0C0E-4E0A-A13D-60D3CCBFB4C4}.Release|x86.ActiveCfg = Release|Any CPU
		{CA283E72-0C0E-4E0A-A13D-60D3CCBFB4C4}.Release|x86.Build.0 = Release|Any CPU
		{1779E6F6-799C-41DD-82E4-4E348A0BA7CC}.Debug|Any CPU.ActiveCfg = Debug|Any CPU
		{1779E6F6-799C-41DD-82E4-4E348A0BA7CC}.Debug|Any CPU.Build.0 = Debug|Any CPU
		{1779E6F6-799C-41DD-82E4-4E348A0BA7CC}.Debug|x64.ActiveCfg = Debug|Any CPU
		{1779E6F6-799C-41DD-82E4-4E348A0BA7CC}.Debug|x64.Build.0 = Debug|Any CPU
		{1779E6F6-799C-41DD-82E4-4E348A0BA7CC}.Debug|x86.ActiveCfg = Debug|Any CPU
		{1779E6F6-799C-41DD-82E4-4E348A0BA7CC}.Debug|x86.Build.0 = Debug|Any CPU
		{1779E6F6-799C-41DD-82E4-4E348A0BA7CC}.Release|Any CPU.ActiveCfg = Release|Any CPU
		{1779E6F6-799C-41DD-82E4-4E348A0BA7CC}.Release|Any CPU.Build.0 = Release|Any CPU
		{1779E6F6-799C-41DD-82E4-4E348A0BA7CC}.Release|x64.ActiveCfg = Release|Any CPU
		{1779E6F6-799C-41DD-82E4-4E348A0BA7CC}.Release|x64.Build.0 = Release|Any CPU
		{1779E6F6-799C-41DD-82E4-4E348A0BA7CC}.Release|x86.ActiveCfg = Release|Any CPU
		{1779E6F6-799C-41DD-82E4-4E348A0BA7CC}.Release|x86.Build.0 = Release|Any CPU
		{4B55DC4F-B0F2-4A24-8AFF-BED69BE730B7}.Debug|Any CPU.ActiveCfg = Debug|Any CPU
		{4B55DC4F-B0F2-4A24-8AFF-BED69BE730B7}.Debug|Any CPU.Build.0 = Debug|Any CPU
		{4B55DC4F-B0F2-4A24-8AFF-BED69BE730B7}.Debug|x64.ActiveCfg = Debug|Any CPU
		{4B55DC4F-B0F2-4A24-8AFF-BED69BE730B7}.Debug|x64.Build.0 = Debug|Any CPU
		{4B55DC4F-B0F2-4A24-8AFF-BED69BE730B7}.Debug|x86.ActiveCfg = Debug|Any CPU
		{4B55DC4F-B0F2-4A24-8AFF-BED69BE730B7}.Debug|x86.Build.0 = Debug|Any CPU
		{4B55DC4F-B0F2-4A24-8AFF-BED69BE730B7}.Release|Any CPU.ActiveCfg = Release|Any CPU
		{4B55DC4F-B0F2-4A24-8AFF-BED69BE730B7}.Release|Any CPU.Build.0 = Release|Any CPU
		{4B55DC4F-B0F2-4A24-8AFF-BED69BE730B7}.Release|x64.ActiveCfg = Release|Any CPU
		{4B55DC4F-B0F2-4A24-8AFF-BED69BE730B7}.Release|x64.Build.0 = Release|Any CPU
		{4B55DC4F-B0F2-4A24-8AFF-BED69BE730B7}.Release|x86.ActiveCfg = Release|Any CPU
		{4B55DC4F-B0F2-4A24-8AFF-BED69BE730B7}.Release|x86.Build.0 = Release|Any CPU
		{F0B246A8-41AE-450F-8A18-B6E7F9A12BAE}.Debug|Any CPU.ActiveCfg = Debug|Any CPU
		{F0B246A8-41AE-450F-8A18-B6E7F9A12BAE}.Debug|Any CPU.Build.0 = Debug|Any CPU
		{F0B246A8-41AE-450F-8A18-B6E7F9A12BAE}.Debug|x64.ActiveCfg = Debug|Any CPU
		{F0B246A8-41AE-450F-8A18-B6E7F9A12BAE}.Debug|x64.Build.0 = Debug|Any CPU
		{F0B246A8-41AE-450F-8A18-B6E7F9A12BAE}.Debug|x86.ActiveCfg = Debug|Any CPU
		{F0B246A8-41AE-450F-8A18-B6E7F9A12BAE}.Debug|x86.Build.0 = Debug|Any CPU
		{F0B246A8-41AE-450F-8A18-B6E7F9A12BAE}.Release|Any CPU.ActiveCfg = Release|Any CPU
		{F0B246A8-41AE-450F-8A18-B6E7F9A12BAE}.Release|Any CPU.Build.0 = Release|Any CPU
		{F0B246A8-41AE-450F-8A18-B6E7F9A12BAE}.Release|x64.ActiveCfg = Release|Any CPU
		{F0B246A8-41AE-450F-8A18-B6E7F9A12BAE}.Release|x64.Build.0 = Release|Any CPU
		{F0B246A8-41AE-450F-8A18-B6E7F9A12BAE}.Release|x86.ActiveCfg = Release|Any CPU
		{F0B246A8-41AE-450F-8A18-B6E7F9A12BAE}.Release|x86.Build.0 = Release|Any CPU
		{500ABC07-956C-4678-9E33-76449A667B30}.Debug|Any CPU.ActiveCfg = Debug|Any CPU
		{500ABC07-956C-4678-9E33-76449A667B30}.Debug|Any CPU.Build.0 = Debug|Any CPU
		{500ABC07-956C-4678-9E33-76449A667B30}.Debug|x64.ActiveCfg = Debug|Any CPU
		{500ABC07-956C-4678-9E33-76449A667B30}.Debug|x64.Build.0 = Debug|Any CPU
		{500ABC07-956C-4678-9E33-76449A667B30}.Debug|x86.ActiveCfg = Debug|Any CPU
		{500ABC07-956C-4678-9E33-76449A667B30}.Debug|x86.Build.0 = Debug|Any CPU
		{500ABC07-956C-4678-9E33-76449A667B30}.Release|Any CPU.ActiveCfg = Release|Any CPU
		{500ABC07-956C-4678-9E33-76449A667B30}.Release|Any CPU.Build.0 = Release|Any CPU
		{500ABC07-956C-4678-9E33-76449A667B30}.Release|x64.ActiveCfg = Release|Any CPU
		{500ABC07-956C-4678-9E33-76449A667B30}.Release|x64.Build.0 = Release|Any CPU
		{500ABC07-956C-4678-9E33-76449A667B30}.Release|x86.ActiveCfg = Release|Any CPU
		{500ABC07-956C-4678-9E33-76449A667B30}.Release|x86.Build.0 = Release|Any CPU
		{E4C32A3E-3315-4B77-A0F2-8AE942056DD0}.Debug|Any CPU.ActiveCfg = Debug|Any CPU
		{E4C32A3E-3315-4B77-A0F2-8AE942056DD0}.Debug|Any CPU.Build.0 = Debug|Any CPU
		{E4C32A3E-3315-4B77-A0F2-8AE942056DD0}.Debug|x64.ActiveCfg = Debug|Any CPU
		{E4C32A3E-3315-4B77-A0F2-8AE942056DD0}.Debug|x64.Build.0 = Debug|Any CPU
		{E4C32A3E-3315-4B77-A0F2-8AE942056DD0}.Debug|x86.ActiveCfg = Debug|Any CPU
		{E4C32A3E-3315-4B77-A0F2-8AE942056DD0}.Debug|x86.Build.0 = Debug|Any CPU
		{E4C32A3E-3315-4B77-A0F2-8AE942056DD0}.Release|Any CPU.ActiveCfg = Release|Any CPU
		{E4C32A3E-3315-4B77-A0F2-8AE942056DD0}.Release|Any CPU.Build.0 = Release|Any CPU
		{E4C32A3E-3315-4B77-A0F2-8AE942056DD0}.Release|x64.ActiveCfg = Release|Any CPU
		{E4C32A3E-3315-4B77-A0F2-8AE942056DD0}.Release|x64.Build.0 = Release|Any CPU
		{E4C32A3E-3315-4B77-A0F2-8AE942056DD0}.Release|x86.ActiveCfg = Release|Any CPU
		{E4C32A3E-3315-4B77-A0F2-8AE942056DD0}.Release|x86.Build.0 = Release|Any CPU
		{EBFA1ACF-D21A-4897-9BD9-3DCA319C785D}.Debug|Any CPU.ActiveCfg = Debug|Any CPU
		{EBFA1ACF-D21A-4897-9BD9-3DCA319C785D}.Debug|Any CPU.Build.0 = Debug|Any CPU
		{EBFA1ACF-D21A-4897-9BD9-3DCA319C785D}.Debug|x64.ActiveCfg = Debug|Any CPU
		{EBFA1ACF-D21A-4897-9BD9-3DCA319C785D}.Debug|x64.Build.0 = Debug|Any CPU
		{EBFA1ACF-D21A-4897-9BD9-3DCA319C785D}.Debug|x86.ActiveCfg = Debug|Any CPU
		{EBFA1ACF-D21A-4897-9BD9-3DCA319C785D}.Debug|x86.Build.0 = Debug|Any CPU
		{EBFA1ACF-D21A-4897-9BD9-3DCA319C785D}.Release|Any CPU.ActiveCfg = Release|Any CPU
		{EBFA1ACF-D21A-4897-9BD9-3DCA319C785D}.Release|Any CPU.Build.0 = Release|Any CPU
		{EBFA1ACF-D21A-4897-9BD9-3DCA319C785D}.Release|x64.ActiveCfg = Release|Any CPU
		{EBFA1ACF-D21A-4897-9BD9-3DCA319C785D}.Release|x64.Build.0 = Release|Any CPU
		{EBFA1ACF-D21A-4897-9BD9-3DCA319C785D}.Release|x86.ActiveCfg = Release|Any CPU
		{EBFA1ACF-D21A-4897-9BD9-3DCA319C785D}.Release|x86.Build.0 = Release|Any CPU
		{9ECA9E4A-FA79-4BAE-8EB7-61C6E62438A3}.Debug|Any CPU.ActiveCfg = Debug|Any CPU
		{9ECA9E4A-FA79-4BAE-8EB7-61C6E62438A3}.Debug|Any CPU.Build.0 = Debug|Any CPU
		{9ECA9E4A-FA79-4BAE-8EB7-61C6E62438A3}.Debug|x64.ActiveCfg = Debug|Any CPU
		{9ECA9E4A-FA79-4BAE-8EB7-61C6E62438A3}.Debug|x64.Build.0 = Debug|Any CPU
		{9ECA9E4A-FA79-4BAE-8EB7-61C6E62438A3}.Debug|x86.ActiveCfg = Debug|Any CPU
		{9ECA9E4A-FA79-4BAE-8EB7-61C6E62438A3}.Debug|x86.Build.0 = Debug|Any CPU
		{9ECA9E4A-FA79-4BAE-8EB7-61C6E62438A3}.Release|Any CPU.ActiveCfg = Release|Any CPU
		{9ECA9E4A-FA79-4BAE-8EB7-61C6E62438A3}.Release|Any CPU.Build.0 = Release|Any CPU
		{9ECA9E4A-FA79-4BAE-8EB7-61C6E62438A3}.Release|x64.ActiveCfg = Release|Any CPU
		{9ECA9E4A-FA79-4BAE-8EB7-61C6E62438A3}.Release|x64.Build.0 = Release|Any CPU
		{9ECA9E4A-FA79-4BAE-8EB7-61C6E62438A3}.Release|x86.ActiveCfg = Release|Any CPU
		{9ECA9E4A-FA79-4BAE-8EB7-61C6E62438A3}.Release|x86.Build.0 = Release|Any CPU
		{85862B70-DE74-4CCF-81D8-101F9EAF22B9}.Debug|Any CPU.ActiveCfg = Debug|Any CPU
		{85862B70-DE74-4CCF-81D8-101F9EAF22B9}.Debug|Any CPU.Build.0 = Debug|Any CPU
		{85862B70-DE74-4CCF-81D8-101F9EAF22B9}.Debug|x64.ActiveCfg = Debug|Any CPU
		{85862B70-DE74-4CCF-81D8-101F9EAF22B9}.Debug|x64.Build.0 = Debug|Any CPU
		{85862B70-DE74-4CCF-81D8-101F9EAF22B9}.Debug|x86.ActiveCfg = Debug|Any CPU
		{85862B70-DE74-4CCF-81D8-101F9EAF22B9}.Debug|x86.Build.0 = Debug|Any CPU
		{85862B70-DE74-4CCF-81D8-101F9EAF22B9}.Release|Any CPU.ActiveCfg = Release|Any CPU
		{85862B70-DE74-4CCF-81D8-101F9EAF22B9}.Release|Any CPU.Build.0 = Release|Any CPU
		{85862B70-DE74-4CCF-81D8-101F9EAF22B9}.Release|x64.ActiveCfg = Release|Any CPU
		{85862B70-DE74-4CCF-81D8-101F9EAF22B9}.Release|x64.Build.0 = Release|Any CPU
		{85862B70-DE74-4CCF-81D8-101F9EAF22B9}.Release|x86.ActiveCfg = Release|Any CPU
		{85862B70-DE74-4CCF-81D8-101F9EAF22B9}.Release|x86.Build.0 = Release|Any CPU
		{B5F4A2F8-67DC-4272-AF4C-582816BA0B1D}.Debug|Any CPU.ActiveCfg = Debug|Any CPU
		{B5F4A2F8-67DC-4272-AF4C-582816BA0B1D}.Debug|Any CPU.Build.0 = Debug|Any CPU
		{B5F4A2F8-67DC-4272-AF4C-582816BA0B1D}.Debug|x64.ActiveCfg = Debug|Any CPU
		{B5F4A2F8-67DC-4272-AF4C-582816BA0B1D}.Debug|x64.Build.0 = Debug|Any CPU
		{B5F4A2F8-67DC-4272-AF4C-582816BA0B1D}.Debug|x86.ActiveCfg = Debug|Any CPU
		{B5F4A2F8-67DC-4272-AF4C-582816BA0B1D}.Debug|x86.Build.0 = Debug|Any CPU
		{B5F4A2F8-67DC-4272-AF4C-582816BA0B1D}.Release|Any CPU.ActiveCfg = Release|Any CPU
		{B5F4A2F8-67DC-4272-AF4C-582816BA0B1D}.Release|Any CPU.Build.0 = Release|Any CPU
		{B5F4A2F8-67DC-4272-AF4C-582816BA0B1D}.Release|x64.ActiveCfg = Release|Any CPU
		{B5F4A2F8-67DC-4272-AF4C-582816BA0B1D}.Release|x64.Build.0 = Release|Any CPU
		{B5F4A2F8-67DC-4272-AF4C-582816BA0B1D}.Release|x86.ActiveCfg = Release|Any CPU
		{B5F4A2F8-67DC-4272-AF4C-582816BA0B1D}.Release|x86.Build.0 = Release|Any CPU
		{75F2D279-8800-428B-9E9C-7E0798EC19E7}.Debug|Any CPU.ActiveCfg = Debug|Any CPU
		{75F2D279-8800-428B-9E9C-7E0798EC19E7}.Debug|Any CPU.Build.0 = Debug|Any CPU
		{75F2D279-8800-428B-9E9C-7E0798EC19E7}.Debug|x64.ActiveCfg = Debug|Any CPU
		{75F2D279-8800-428B-9E9C-7E0798EC19E7}.Debug|x64.Build.0 = Debug|Any CPU
		{75F2D279-8800-428B-9E9C-7E0798EC19E7}.Debug|x86.ActiveCfg = Debug|Any CPU
		{75F2D279-8800-428B-9E9C-7E0798EC19E7}.Debug|x86.Build.0 = Debug|Any CPU
		{75F2D279-8800-428B-9E9C-7E0798EC19E7}.Release|Any CPU.ActiveCfg = Release|Any CPU
		{75F2D279-8800-428B-9E9C-7E0798EC19E7}.Release|Any CPU.Build.0 = Release|Any CPU
		{75F2D279-8800-428B-9E9C-7E0798EC19E7}.Release|x64.ActiveCfg = Release|Any CPU
		{75F2D279-8800-428B-9E9C-7E0798EC19E7}.Release|x64.Build.0 = Release|Any CPU
		{75F2D279-8800-428B-9E9C-7E0798EC19E7}.Release|x86.ActiveCfg = Release|Any CPU
		{75F2D279-8800-428B-9E9C-7E0798EC19E7}.Release|x86.Build.0 = Release|Any CPU
		{BA0F7FB5-7568-4709-9D16-88E1216CA93A}.Debug|Any CPU.ActiveCfg = Debug|Any CPU
		{BA0F7FB5-7568-4709-9D16-88E1216CA93A}.Debug|Any CPU.Build.0 = Debug|Any CPU
		{BA0F7FB5-7568-4709-9D16-88E1216CA93A}.Debug|x64.ActiveCfg = Debug|Any CPU
		{BA0F7FB5-7568-4709-9D16-88E1216CA93A}.Debug|x64.Build.0 = Debug|Any CPU
		{BA0F7FB5-7568-4709-9D16-88E1216CA93A}.Debug|x86.ActiveCfg = Debug|Any CPU
		{BA0F7FB5-7568-4709-9D16-88E1216CA93A}.Debug|x86.Build.0 = Debug|Any CPU
		{BA0F7FB5-7568-4709-9D16-88E1216CA93A}.Release|Any CPU.ActiveCfg = Release|Any CPU
		{BA0F7FB5-7568-4709-9D16-88E1216CA93A}.Release|Any CPU.Build.0 = Release|Any CPU
		{BA0F7FB5-7568-4709-9D16-88E1216CA93A}.Release|x64.ActiveCfg = Release|Any CPU
		{BA0F7FB5-7568-4709-9D16-88E1216CA93A}.Release|x64.Build.0 = Release|Any CPU
		{BA0F7FB5-7568-4709-9D16-88E1216CA93A}.Release|x86.ActiveCfg = Release|Any CPU
		{BA0F7FB5-7568-4709-9D16-88E1216CA93A}.Release|x86.Build.0 = Release|Any CPU
		{86BC0CE9-1FE6-4D2D-95FA-89CE6E1AF7FF}.Debug|Any CPU.ActiveCfg = Debug|Any CPU
		{86BC0CE9-1FE6-4D2D-95FA-89CE6E1AF7FF}.Debug|Any CPU.Build.0 = Debug|Any CPU
		{86BC0CE9-1FE6-4D2D-95FA-89CE6E1AF7FF}.Debug|x64.ActiveCfg = Debug|Any CPU
		{86BC0CE9-1FE6-4D2D-95FA-89CE6E1AF7FF}.Debug|x64.Build.0 = Debug|Any CPU
		{86BC0CE9-1FE6-4D2D-95FA-89CE6E1AF7FF}.Debug|x86.ActiveCfg = Debug|Any CPU
		{86BC0CE9-1FE6-4D2D-95FA-89CE6E1AF7FF}.Debug|x86.Build.0 = Debug|Any CPU
		{86BC0CE9-1FE6-4D2D-95FA-89CE6E1AF7FF}.Release|Any CPU.ActiveCfg = Release|Any CPU
		{86BC0CE9-1FE6-4D2D-95FA-89CE6E1AF7FF}.Release|Any CPU.Build.0 = Release|Any CPU
		{86BC0CE9-1FE6-4D2D-95FA-89CE6E1AF7FF}.Release|x64.ActiveCfg = Release|Any CPU
		{86BC0CE9-1FE6-4D2D-95FA-89CE6E1AF7FF}.Release|x64.Build.0 = Release|Any CPU
		{86BC0CE9-1FE6-4D2D-95FA-89CE6E1AF7FF}.Release|x86.ActiveCfg = Release|Any CPU
		{86BC0CE9-1FE6-4D2D-95FA-89CE6E1AF7FF}.Release|x86.Build.0 = Release|Any CPU
		{1B38486B-52E6-4DCF-9B97-FA7E05583072}.Debug|Any CPU.ActiveCfg = Debug|Any CPU
		{1B38486B-52E6-4DCF-9B97-FA7E05583072}.Debug|Any CPU.Build.0 = Debug|Any CPU
		{1B38486B-52E6-4DCF-9B97-FA7E05583072}.Debug|x64.ActiveCfg = Debug|Any CPU
		{1B38486B-52E6-4DCF-9B97-FA7E05583072}.Debug|x64.Build.0 = Debug|Any CPU
		{1B38486B-52E6-4DCF-9B97-FA7E05583072}.Debug|x86.ActiveCfg = Debug|Any CPU
		{1B38486B-52E6-4DCF-9B97-FA7E05583072}.Debug|x86.Build.0 = Debug|Any CPU
		{1B38486B-52E6-4DCF-9B97-FA7E05583072}.Release|Any CPU.ActiveCfg = Release|Any CPU
		{1B38486B-52E6-4DCF-9B97-FA7E05583072}.Release|Any CPU.Build.0 = Release|Any CPU
		{1B38486B-52E6-4DCF-9B97-FA7E05583072}.Release|x64.ActiveCfg = Release|Any CPU
		{1B38486B-52E6-4DCF-9B97-FA7E05583072}.Release|x64.Build.0 = Release|Any CPU
		{1B38486B-52E6-4DCF-9B97-FA7E05583072}.Release|x86.ActiveCfg = Release|Any CPU
		{1B38486B-52E6-4DCF-9B97-FA7E05583072}.Release|x86.Build.0 = Release|Any CPU
		{27EF7B73-C5B9-4A6D-9FBB-CF5635F73AAF}.Debug|Any CPU.ActiveCfg = Debug|Any CPU
		{27EF7B73-C5B9-4A6D-9FBB-CF5635F73AAF}.Debug|Any CPU.Build.0 = Debug|Any CPU
		{27EF7B73-C5B9-4A6D-9FBB-CF5635F73AAF}.Debug|x64.ActiveCfg = Debug|Any CPU
		{27EF7B73-C5B9-4A6D-9FBB-CF5635F73AAF}.Debug|x64.Build.0 = Debug|Any CPU
		{27EF7B73-C5B9-4A6D-9FBB-CF5635F73AAF}.Debug|x86.ActiveCfg = Debug|Any CPU
		{27EF7B73-C5B9-4A6D-9FBB-CF5635F73AAF}.Debug|x86.Build.0 = Debug|Any CPU
		{27EF7B73-C5B9-4A6D-9FBB-CF5635F73AAF}.Release|Any CPU.ActiveCfg = Release|Any CPU
		{27EF7B73-C5B9-4A6D-9FBB-CF5635F73AAF}.Release|Any CPU.Build.0 = Release|Any CPU
		{27EF7B73-C5B9-4A6D-9FBB-CF5635F73AAF}.Release|x64.ActiveCfg = Release|Any CPU
		{27EF7B73-C5B9-4A6D-9FBB-CF5635F73AAF}.Release|x64.Build.0 = Release|Any CPU
		{27EF7B73-C5B9-4A6D-9FBB-CF5635F73AAF}.Release|x86.ActiveCfg = Release|Any CPU
		{27EF7B73-C5B9-4A6D-9FBB-CF5635F73AAF}.Release|x86.Build.0 = Release|Any CPU
		{6074BB67-2FF5-45ED-810C-8ADB5FFE4969}.Debug|Any CPU.ActiveCfg = Debug|Any CPU
		{6074BB67-2FF5-45ED-810C-8ADB5FFE4969}.Debug|Any CPU.Build.0 = Debug|Any CPU
		{6074BB67-2FF5-45ED-810C-8ADB5FFE4969}.Debug|x64.ActiveCfg = Debug|Any CPU
		{6074BB67-2FF5-45ED-810C-8ADB5FFE4969}.Debug|x64.Build.0 = Debug|Any CPU
		{6074BB67-2FF5-45ED-810C-8ADB5FFE4969}.Debug|x86.ActiveCfg = Debug|Any CPU
		{6074BB67-2FF5-45ED-810C-8ADB5FFE4969}.Debug|x86.Build.0 = Debug|Any CPU
		{6074BB67-2FF5-45ED-810C-8ADB5FFE4969}.Release|Any CPU.ActiveCfg = Release|Any CPU
		{6074BB67-2FF5-45ED-810C-8ADB5FFE4969}.Release|Any CPU.Build.0 = Release|Any CPU
		{6074BB67-2FF5-45ED-810C-8ADB5FFE4969}.Release|x64.ActiveCfg = Release|Any CPU
		{6074BB67-2FF5-45ED-810C-8ADB5FFE4969}.Release|x64.Build.0 = Release|Any CPU
		{6074BB67-2FF5-45ED-810C-8ADB5FFE4969}.Release|x86.ActiveCfg = Release|Any CPU
		{6074BB67-2FF5-45ED-810C-8ADB5FFE4969}.Release|x86.Build.0 = Release|Any CPU
		{79604625-F4ED-4535-8AD7-8FD319B1644C}.Debug|Any CPU.ActiveCfg = Debug|Any CPU
		{79604625-F4ED-4535-8AD7-8FD319B1644C}.Debug|Any CPU.Build.0 = Debug|Any CPU
		{79604625-F4ED-4535-8AD7-8FD319B1644C}.Debug|x64.ActiveCfg = Debug|Any CPU
		{79604625-F4ED-4535-8AD7-8FD319B1644C}.Debug|x64.Build.0 = Debug|Any CPU
		{79604625-F4ED-4535-8AD7-8FD319B1644C}.Debug|x86.ActiveCfg = Debug|Any CPU
		{79604625-F4ED-4535-8AD7-8FD319B1644C}.Debug|x86.Build.0 = Debug|Any CPU
		{79604625-F4ED-4535-8AD7-8FD319B1644C}.Release|Any CPU.ActiveCfg = Release|Any CPU
		{79604625-F4ED-4535-8AD7-8FD319B1644C}.Release|Any CPU.Build.0 = Release|Any CPU
		{79604625-F4ED-4535-8AD7-8FD319B1644C}.Release|x64.ActiveCfg = Release|Any CPU
		{79604625-F4ED-4535-8AD7-8FD319B1644C}.Release|x64.Build.0 = Release|Any CPU
		{79604625-F4ED-4535-8AD7-8FD319B1644C}.Release|x86.ActiveCfg = Release|Any CPU
		{79604625-F4ED-4535-8AD7-8FD319B1644C}.Release|x86.Build.0 = Release|Any CPU
		{58BECBC4-D993-4DA8-9D2D-90915ED60026}.Debug|Any CPU.ActiveCfg = Debug|Any CPU
		{58BECBC4-D993-4DA8-9D2D-90915ED60026}.Debug|Any CPU.Build.0 = Debug|Any CPU
		{58BECBC4-D993-4DA8-9D2D-90915ED60026}.Debug|x64.ActiveCfg = Debug|Any CPU
		{58BECBC4-D993-4DA8-9D2D-90915ED60026}.Debug|x64.Build.0 = Debug|Any CPU
		{58BECBC4-D993-4DA8-9D2D-90915ED60026}.Debug|x86.ActiveCfg = Debug|Any CPU
		{58BECBC4-D993-4DA8-9D2D-90915ED60026}.Debug|x86.Build.0 = Debug|Any CPU
		{58BECBC4-D993-4DA8-9D2D-90915ED60026}.Release|Any CPU.ActiveCfg = Release|Any CPU
		{58BECBC4-D993-4DA8-9D2D-90915ED60026}.Release|Any CPU.Build.0 = Release|Any CPU
		{58BECBC4-D993-4DA8-9D2D-90915ED60026}.Release|x64.ActiveCfg = Release|Any CPU
		{58BECBC4-D993-4DA8-9D2D-90915ED60026}.Release|x64.Build.0 = Release|Any CPU
		{58BECBC4-D993-4DA8-9D2D-90915ED60026}.Release|x86.ActiveCfg = Release|Any CPU
		{58BECBC4-D993-4DA8-9D2D-90915ED60026}.Release|x86.Build.0 = Release|Any CPU
		{42C9856B-316E-4187-A5A1-ADE0A3A7D713}.Debug|Any CPU.ActiveCfg = Debug|Any CPU
		{42C9856B-316E-4187-A5A1-ADE0A3A7D713}.Debug|Any CPU.Build.0 = Debug|Any CPU
		{42C9856B-316E-4187-A5A1-ADE0A3A7D713}.Debug|x64.ActiveCfg = Debug|Any CPU
		{42C9856B-316E-4187-A5A1-ADE0A3A7D713}.Debug|x64.Build.0 = Debug|Any CPU
		{42C9856B-316E-4187-A5A1-ADE0A3A7D713}.Debug|x86.ActiveCfg = Debug|Any CPU
		{42C9856B-316E-4187-A5A1-ADE0A3A7D713}.Debug|x86.Build.0 = Debug|Any CPU
		{42C9856B-316E-4187-A5A1-ADE0A3A7D713}.Release|Any CPU.ActiveCfg = Release|Any CPU
		{42C9856B-316E-4187-A5A1-ADE0A3A7D713}.Release|Any CPU.Build.0 = Release|Any CPU
		{42C9856B-316E-4187-A5A1-ADE0A3A7D713}.Release|x64.ActiveCfg = Release|Any CPU
		{42C9856B-316E-4187-A5A1-ADE0A3A7D713}.Release|x64.Build.0 = Release|Any CPU
		{42C9856B-316E-4187-A5A1-ADE0A3A7D713}.Release|x86.ActiveCfg = Release|Any CPU
		{42C9856B-316E-4187-A5A1-ADE0A3A7D713}.Release|x86.Build.0 = Release|Any CPU
		{A183F83C-FB74-485A-8455-670425E79EA5}.Debug|Any CPU.ActiveCfg = Debug|Any CPU
		{A183F83C-FB74-485A-8455-670425E79EA5}.Debug|Any CPU.Build.0 = Debug|Any CPU
		{A183F83C-FB74-485A-8455-670425E79EA5}.Debug|x64.ActiveCfg = Debug|Any CPU
		{A183F83C-FB74-485A-8455-670425E79EA5}.Debug|x64.Build.0 = Debug|Any CPU
		{A183F83C-FB74-485A-8455-670425E79EA5}.Debug|x86.ActiveCfg = Debug|Any CPU
		{A183F83C-FB74-485A-8455-670425E79EA5}.Debug|x86.Build.0 = Debug|Any CPU
		{A183F83C-FB74-485A-8455-670425E79EA5}.Release|Any CPU.ActiveCfg = Release|Any CPU
		{A183F83C-FB74-485A-8455-670425E79EA5}.Release|Any CPU.Build.0 = Release|Any CPU
		{A183F83C-FB74-485A-8455-670425E79EA5}.Release|x64.ActiveCfg = Release|Any CPU
		{A183F83C-FB74-485A-8455-670425E79EA5}.Release|x64.Build.0 = Release|Any CPU
		{A183F83C-FB74-485A-8455-670425E79EA5}.Release|x86.ActiveCfg = Release|Any CPU
		{A183F83C-FB74-485A-8455-670425E79EA5}.Release|x86.Build.0 = Release|Any CPU
		{EDAF8E54-66F7-4F85-A9C5-7ECB6F5A6763}.Debug|Any CPU.ActiveCfg = Debug|Any CPU
		{EDAF8E54-66F7-4F85-A9C5-7ECB6F5A6763}.Debug|Any CPU.Build.0 = Debug|Any CPU
		{EDAF8E54-66F7-4F85-A9C5-7ECB6F5A6763}.Debug|x64.ActiveCfg = Debug|Any CPU
		{EDAF8E54-66F7-4F85-A9C5-7ECB6F5A6763}.Debug|x64.Build.0 = Debug|Any CPU
		{EDAF8E54-66F7-4F85-A9C5-7ECB6F5A6763}.Debug|x86.ActiveCfg = Debug|Any CPU
		{EDAF8E54-66F7-4F85-A9C5-7ECB6F5A6763}.Debug|x86.Build.0 = Debug|Any CPU
		{EDAF8E54-66F7-4F85-A9C5-7ECB6F5A6763}.Release|Any CPU.ActiveCfg = Release|Any CPU
		{EDAF8E54-66F7-4F85-A9C5-7ECB6F5A6763}.Release|Any CPU.Build.0 = Release|Any CPU
		{EDAF8E54-66F7-4F85-A9C5-7ECB6F5A6763}.Release|x64.ActiveCfg = Release|Any CPU
		{EDAF8E54-66F7-4F85-A9C5-7ECB6F5A6763}.Release|x64.Build.0 = Release|Any CPU
		{EDAF8E54-66F7-4F85-A9C5-7ECB6F5A6763}.Release|x86.ActiveCfg = Release|Any CPU
		{EDAF8E54-66F7-4F85-A9C5-7ECB6F5A6763}.Release|x86.Build.0 = Release|Any CPU
		{01F5734A-88FB-4571-AB36-0DE4C8BFFFAA}.Debug|Any CPU.ActiveCfg = Debug|Any CPU
		{01F5734A-88FB-4571-AB36-0DE4C8BFFFAA}.Debug|Any CPU.Build.0 = Debug|Any CPU
		{01F5734A-88FB-4571-AB36-0DE4C8BFFFAA}.Debug|x64.ActiveCfg = Debug|Any CPU
		{01F5734A-88FB-4571-AB36-0DE4C8BFFFAA}.Debug|x64.Build.0 = Debug|Any CPU
		{01F5734A-88FB-4571-AB36-0DE4C8BFFFAA}.Debug|x86.ActiveCfg = Debug|Any CPU
		{01F5734A-88FB-4571-AB36-0DE4C8BFFFAA}.Debug|x86.Build.0 = Debug|Any CPU
		{01F5734A-88FB-4571-AB36-0DE4C8BFFFAA}.Release|Any CPU.ActiveCfg = Release|Any CPU
		{01F5734A-88FB-4571-AB36-0DE4C8BFFFAA}.Release|Any CPU.Build.0 = Release|Any CPU
		{01F5734A-88FB-4571-AB36-0DE4C8BFFFAA}.Release|x64.ActiveCfg = Release|Any CPU
		{01F5734A-88FB-4571-AB36-0DE4C8BFFFAA}.Release|x64.Build.0 = Release|Any CPU
		{01F5734A-88FB-4571-AB36-0DE4C8BFFFAA}.Release|x86.ActiveCfg = Release|Any CPU
		{01F5734A-88FB-4571-AB36-0DE4C8BFFFAA}.Release|x86.Build.0 = Release|Any CPU
	EndGlobalSection
	GlobalSection(SolutionProperties) = preSolution
		HideSolutionNode = FALSE
	EndGlobalSection
	GlobalSection(NestedProjects) = preSolution
		{81034408-37C8-1011-444E-4C15C2FADA8E} = {827E0CD3-B72D-47B6-A68D-7590B98EB39B}
		{4C5C2C3D-0B2F-456E-9FC3-42AF6CFAD587} = {81034408-37C8-1011-444E-4C15C2FADA8E}
		{BFF2DF6E-AA54-47C7-211F-79ACCBB4577C} = {827E0CD3-B72D-47B6-A68D-7590B98EB39B}
		{5317766D-2EDD-469F-ADB0-A06ED6ACE5CA} = {BFF2DF6E-AA54-47C7-211F-79ACCBB4577C}
		{A266D473-4411-4C3C-9322-1B607B7EB184} = {BFF2DF6E-AA54-47C7-211F-79ACCBB4577C}
		{5BF45715-F0D6-45D6-B8D3-9F4E2CFB8BFF} = {BFF2DF6E-AA54-47C7-211F-79ACCBB4577C}
		{F49F2F19-2DD8-421C-833F-13794C3C1A76} = {BFF2DF6E-AA54-47C7-211F-79ACCBB4577C}
		{EA2387D4-1A17-4161-8C21-C102DCAFF175} = {0C88DD14-F956-CE84-757C-A364CCF449FC}
		{0A124284-E973-4338-B804-94FBF67D989A} = {0C88DD14-F956-CE84-757C-A364CCF449FC}
		{02EA681E-C7D8-13C7-8484-4AC65E1B71E8} = {827E0CD3-B72D-47B6-A68D-7590B98EB39B}
		{4AD61086-5A2A-DB5D-DA58-238A2D8E8BB3} = {02EA681E-C7D8-13C7-8484-4AC65E1B71E8}
		{DC03C626-EBCC-29A1-70E0-76C2ED32C66B} = {4AD61086-5A2A-DB5D-DA58-238A2D8E8BB3}
		{7A421B9C-C3FF-45AF-A69D-EF32A31ECCCD} = {DC03C626-EBCC-29A1-70E0-76C2ED32C66B}
		{13B3887D-2C96-71D4-4B42-1194C904C812} = {4AD61086-5A2A-DB5D-DA58-238A2D8E8BB3}
		{193E7CE6-3F2B-4DDA-A885-658FEF3C3329} = {13B3887D-2C96-71D4-4B42-1194C904C812}
		{2C00146A-E20F-28D4-89DF-E73B741F2A01} = {4AD61086-5A2A-DB5D-DA58-238A2D8E8BB3}
		{CA905344-E3D0-402C-9BB4-CE1C4C1CBAFB} = {2C00146A-E20F-28D4-89DF-E73B741F2A01}
		{3A70B981-4CEF-8AE3-98B9-B1E2E6022668} = {4AD61086-5A2A-DB5D-DA58-238A2D8E8BB3}
		{55E903A6-9F6F-4BF9-8F19-30AD00C703D8} = {3A70B981-4CEF-8AE3-98B9-B1E2E6022668}
		{88491094-FFAB-C71F-60CC-2F83C858CB64} = {4AD61086-5A2A-DB5D-DA58-238A2D8E8BB3}
		{31671163-0035-4D36-A0C5-1EC08ED15C62} = {88491094-FFAB-C71F-60CC-2F83C858CB64}
		{57965EF3-01B5-A850-C17C-3A62F393FC3F} = {4AD61086-5A2A-DB5D-DA58-238A2D8E8BB3}
		{28DF0D67-8F2D-4B24-A650-72B8FB69F202} = {57965EF3-01B5-A850-C17C-3A62F393FC3F}
		{7FE08A9B-487A-4480-8284-91655F1D55F0} = {57965EF3-01B5-A850-C17C-3A62F393FC3F}
		{A4C079EF-917E-4D29-92D1-3ECCAAF632FB} = {4AD61086-5A2A-DB5D-DA58-238A2D8E8BB3}
		{26083523-2A35-1A30-D5B8-C23C4A3356CF} = {02EA681E-C7D8-13C7-8484-4AC65E1B71E8}
		{4EBBBEFD-A47A-F827-1EE1-BF6505E507C2} = {26083523-2A35-1A30-D5B8-C23C4A3356CF}
		{A98FB798-DFCF-4ACD-A3AF-1B4A8C738344} = {4EBBBEFD-A47A-F827-1EE1-BF6505E507C2}
		{B50B94EF-DD00-864F-0ED2-A9CE6FCC2BBC} = {26083523-2A35-1A30-D5B8-C23C4A3356CF}
		{FF33A311-3074-4E51-9B47-6205C4A0E5F3} = {B50B94EF-DD00-864F-0ED2-A9CE6FCC2BBC}
		{FB9B7E3D-4408-6771-D69D-AD465FED9A37} = {26083523-2A35-1A30-D5B8-C23C4A3356CF}
		{158809AD-4EAA-4A98-9C91-D8D68D2322B5} = {FB9B7E3D-4408-6771-D69D-AD465FED9A37}
		{D7E0ECFA-9813-6F44-1B54-BE27536A004F} = {26083523-2A35-1A30-D5B8-C23C4A3356CF}
		{041AFD79-4B23-4A22-8ACC-D76C06CFEFB8} = {D7E0ECFA-9813-6F44-1B54-BE27536A004F}
		{501310E7-6CEC-4612-09F2-787E882C0753} = {26083523-2A35-1A30-D5B8-C23C4A3356CF}
		{98569576-8B8F-4F63-9710-C77E18C4D2B0} = {501310E7-6CEC-4612-09F2-787E882C0753}
		{607D4994-D3A5-CA2C-24EC-E2B463E18F96} = {26083523-2A35-1A30-D5B8-C23C4A3356CF}
		{021F4898-276A-4822-B912-574BF74BD374} = {607D4994-D3A5-CA2C-24EC-E2B463E18F96}
		{8BAC7130-3356-4E3F-89D4-9CB56FEBBECC} = {607D4994-D3A5-CA2C-24EC-E2B463E18F96}
		{E80F154E-65C3-4327-832B-233C40105E50} = {26083523-2A35-1A30-D5B8-C23C4A3356CF}
		{EE0618E7-E219-8D19-38E9-02FC3F9F0725} = {02EA681E-C7D8-13C7-8484-4AC65E1B71E8}
		{1A767771-B6E0-FCB5-FBB6-F85FFC2C2835} = {EE0618E7-E219-8D19-38E9-02FC3F9F0725}
		{F44B4706-55BE-4299-BC93-E36ABA4D5B1A} = {1A767771-B6E0-FCB5-FBB6-F85FFC2C2835}
		{767B877C-A402-6CD3-CD2A-108E7A783735} = {EE0618E7-E219-8D19-38E9-02FC3F9F0725}
		{F39CE962-69E4-409D-AEA7-A46EEA2C0DC9} = {767B877C-A402-6CD3-CD2A-108E7A783735}
		{6E1973A8-C8E8-B431-DD8C-0BA1BF471150} = {EE0618E7-E219-8D19-38E9-02FC3F9F0725}
		{CA283E72-0C0E-4E0A-A13D-60D3CCBFB4C4} = {6E1973A8-C8E8-B431-DD8C-0BA1BF471150}
		{751FF716-0078-2D5F-DBAC-A39F1B4DACE6} = {EE0618E7-E219-8D19-38E9-02FC3F9F0725}
		{1779E6F6-799C-41DD-82E4-4E348A0BA7CC} = {751FF716-0078-2D5F-DBAC-A39F1B4DACE6}
		{062AF920-1318-E35B-61B8-ADA35EBC87F2} = {EE0618E7-E219-8D19-38E9-02FC3F9F0725}
		{4B55DC4F-B0F2-4A24-8AFF-BED69BE730B7} = {062AF920-1318-E35B-61B8-ADA35EBC87F2}
		{4E43A94C-CB06-1AC0-0F5B-B9761E8BA5FA} = {EE0618E7-E219-8D19-38E9-02FC3F9F0725}
		{F0B246A8-41AE-450F-8A18-B6E7F9A12BAE} = {4E43A94C-CB06-1AC0-0F5B-B9761E8BA5FA}
		{500ABC07-956C-4678-9E33-76449A667B30} = {4E43A94C-CB06-1AC0-0F5B-B9761E8BA5FA}
		{1D77E450-A81E-1E16-0499-7D1E23276EBC} = {02EA681E-C7D8-13C7-8484-4AC65E1B71E8}
		{525E6457-A1DB-36FB-BE76-611AA68793E8} = {1D77E450-A81E-1E16-0499-7D1E23276EBC}
		{E4C32A3E-3315-4B77-A0F2-8AE942056DD0} = {525E6457-A1DB-36FB-BE76-611AA68793E8}
		{84E9E974-38A5-FD77-68EB-895E20091E50} = {1D77E450-A81E-1E16-0499-7D1E23276EBC}
		{EBFA1ACF-D21A-4897-9BD9-3DCA319C785D} = {84E9E974-38A5-FD77-68EB-895E20091E50}
		{682D5F1B-F9BC-8C05-2380-FA725ADAF0FD} = {1D77E450-A81E-1E16-0499-7D1E23276EBC}
		{9ECA9E4A-FA79-4BAE-8EB7-61C6E62438A3} = {682D5F1B-F9BC-8C05-2380-FA725ADAF0FD}
		{5695D95D-25FB-C326-1A63-CCF6952DAB3C} = {1D77E450-A81E-1E16-0499-7D1E23276EBC}
		{85862B70-DE74-4CCF-81D8-101F9EAF22B9} = {5695D95D-25FB-C326-1A63-CCF6952DAB3C}
		{EC5A7968-3587-AFB1-7D60-FFEBD4C67D0E} = {1D77E450-A81E-1E16-0499-7D1E23276EBC}
		{B5F4A2F8-67DC-4272-AF4C-582816BA0B1D} = {EC5A7968-3587-AFB1-7D60-FFEBD4C67D0E}
		{0A1C0C78-C611-C218-BDC2-68FC2D3DF323} = {1D77E450-A81E-1E16-0499-7D1E23276EBC}
		{75F2D279-8800-428B-9E9C-7E0798EC19E7} = {0A1C0C78-C611-C218-BDC2-68FC2D3DF323}
		{BA0F7FB5-7568-4709-9D16-88E1216CA93A} = {0A1C0C78-C611-C218-BDC2-68FC2D3DF323}
		{7EA33E9A-A5A2-4A5D-B5E0-F513FB7EE0CA} = {1D77E450-A81E-1E16-0499-7D1E23276EBC}
		{A8158072-1059-417C-94E1-30B1081CC05C} = {EE0618E7-E219-8D19-38E9-02FC3F9F0725}
		{7217BF7A-28F7-63A4-30A6-0800D8D30F1E} = {02EA681E-C7D8-13C7-8484-4AC65E1B71E8}
		{9F98FF3E-B53B-CC1B-8116-366DDC7A0B54} = {7217BF7A-28F7-63A4-30A6-0800D8D30F1E}
		{86BC0CE9-1FE6-4D2D-95FA-89CE6E1AF7FF} = {9F98FF3E-B53B-CC1B-8116-366DDC7A0B54}
		{BA228908-3643-7DF5-7AAF-79616A412367} = {7217BF7A-28F7-63A4-30A6-0800D8D30F1E}
		{1B38486B-52E6-4DCF-9B97-FA7E05583072} = {BA228908-3643-7DF5-7AAF-79616A412367}
		{9093D8D1-67ED-191D-3CCC-8E3A4276538A} = {7217BF7A-28F7-63A4-30A6-0800D8D30F1E}
		{27EF7B73-C5B9-4A6D-9FBB-CF5635F73AAF} = {9093D8D1-67ED-191D-3CCC-8E3A4276538A}
		{8EEAE124-1B10-10EF-B05A-3E5049282903} = {7217BF7A-28F7-63A4-30A6-0800D8D30F1E}
		{6074BB67-2FF5-45ED-810C-8ADB5FFE4969} = {8EEAE124-1B10-10EF-B05A-3E5049282903}
		{42BD160F-3816-4223-27C4-C9A76A1A480D} = {7217BF7A-28F7-63A4-30A6-0800D8D30F1E}
		{79604625-F4ED-4535-8AD7-8FD319B1644C} = {42BD160F-3816-4223-27C4-C9A76A1A480D}
		{B4995B60-FFEB-5B8B-F7B9-80CA76F42C9C} = {7217BF7A-28F7-63A4-30A6-0800D8D30F1E}
		{58BECBC4-D993-4DA8-9D2D-90915ED60026} = {B4995B60-FFEB-5B8B-F7B9-80CA76F42C9C}
		{42C9856B-316E-4187-A5A1-ADE0A3A7D713} = {B4995B60-FFEB-5B8B-F7B9-80CA76F42C9C}
		{407EDC69-CB64-47F8-AF77-7BD38EAD22FB} = {7217BF7A-28F7-63A4-30A6-0800D8D30F1E}
		{1091AF0D-0C01-4ED1-9CE2-05F621B5960B} = {EE0618E7-E219-8D19-38E9-02FC3F9F0725}
		{A183F83C-FB74-485A-8455-670425E79EA5} = {1091AF0D-0C01-4ED1-9CE2-05F621B5960B}
		{1240C8EB-15B0-4309-A04C-1E0353B978AD} = {1D77E450-A81E-1E16-0499-7D1E23276EBC}
		{EDAF8E54-66F7-4F85-A9C5-7ECB6F5A6763} = {1240C8EB-15B0-4309-A04C-1E0353B978AD}
		{1846D6CA-4E85-46F5-9106-52E8B0542AD1} = {26083523-2A35-1A30-D5B8-C23C4A3356CF}
		{01F5734A-88FB-4571-AB36-0DE4C8BFFFAA} = {1846D6CA-4E85-46F5-9106-52E8B0542AD1}
	EndGlobalSection
	GlobalSection(ExtensibilityGlobals) = postSolution
		SolutionGuid = {F3F579B2-3972-40CD-910A-1E4758EB0D73}
	EndGlobalSection
EndGlobal
