
Microsoft Visual Studio Solution File, Format Version 12.00
# Visual Studio Version 17
VisualStudioVersion = 17.0.31903.59
MinimumVisualStudioVersion = 10.0.40219.1
Project("{2150E333-8FDC-42A3-9474-1A3956D46DE8}") = "src", "src", "{827E0CD3-B72D-47B6-A68D-7590B98EB39B}"
EndProject
Project("{2150E333-8FDC-42A3-9474-1A3956D46DE8}") = "API", "API", "{81034408-37C8-1011-444E-4C15C2FADA8E}"
EndProject
Project("{FAE04EC0-301F-11D3-BF4B-00C04F79EFBC}") = "MFFVP.Api", "src\API\MFFVP.Api\MFFVP.Api.csproj", "{4C5C2C3D-0B2F-456E-9FC3-42AF6CFAD587}"
EndProject
Project("{2150E333-8FDC-42A3-9474-1A3956D46DE8}") = "Common", "Common", "{BFF2DF6E-AA54-47C7-211F-79ACCBB4577C}"
EndProject
Project("{FAE04EC0-301F-11D3-BF4B-00C04F79EFBC}") = "Common.SharedKernel.Application", "src\Common\Common.SharedKernel.Application\Common.SharedKernel.Application.csproj", "{5317766D-2EDD-469F-ADB0-A06ED6ACE5CA}"
EndProject
Project("{FAE04EC0-301F-11D3-BF4B-00C04F79EFBC}") = "Common.SharedKernel.Domain", "src\Common\Common.SharedKernel.Domain\Common.SharedKernel.Domain.csproj", "{A266D473-4411-4C3C-9322-1B607B7EB184}"
EndProject
Project("{FAE04EC0-301F-11D3-BF4B-00C04F79EFBC}") = "Common.SharedKernel.Infrastructure", "src\Common\Common.SharedKernel.Infrastructure\Common.SharedKernel.Infrastructure.csproj", "{5BF45715-F0D6-45D6-B8D3-9F4E2CFB8BFF}"
EndProject
Project("{FAE04EC0-301F-11D3-BF4B-00C04F79EFBC}") = "Common.SharedKernel.Presentation", "src\Common\Common.SharedKernel.Presentation\Common.SharedKernel.Presentation.csproj", "{F49F2F19-2DD8-421C-833F-13794C3C1A76}"
EndProject
Project("{2150E333-8FDC-42A3-9474-1A3956D46DE8}") = "test", "test", "{0C88DD14-F956-CE84-757C-A364CCF449FC}"
EndProject
Project("{FAE04EC0-301F-11D3-BF4B-00C04F79EFBC}") = "MFFVP.ArchitectureTests", "test\MFFVP.ArchitectureTests\MFFVP.ArchitectureTests.csproj", "{EA2387D4-1A17-4161-8C21-C102DCAFF175}"
EndProject
Project("{FAE04EC0-301F-11D3-BF4B-00C04F79EFBC}") = "MFFVP.IntegrationTests", "test\MFFVP.IntegrationTests\MFFVP.IntegrationTests.csproj", "{0A124284-E973-4338-B804-94FBF67D989A}"
EndProject
Project("{2150E333-8FDC-42A3-9474-1A3956D46DE8}") = "Modules", "Modules", "{02EA681E-C7D8-13C7-8484-4AC65E1B71E8}"
EndProject
Global
	GlobalSection(SolutionConfigurationPlatforms) = preSolution
		Debug|Any CPU = Debug|Any CPU
		Debug|x64 = Debug|x64
		Debug|x86 = Debug|x86
		Release|Any CPU = Release|Any CPU
		Release|x64 = Release|x64
		Release|x86 = Release|x86
	EndGlobalSection
	GlobalSection(ProjectConfigurationPlatforms) = postSolution
		{4C5C2C3D-0B2F-456E-9FC3-42AF6CFAD587}.Debug|Any CPU.ActiveCfg = Debug|Any CPU
		{4C5C2C3D-0B2F-456E-9FC3-42AF6CFAD587}.Debug|Any CPU.Build.0 = Debug|Any CPU
		{4C5C2C3D-0B2F-456E-9FC3-42AF6CFAD587}.Debug|x64.ActiveCfg = Debug|Any CPU
		{4C5C2C3D-0B2F-456E-9FC3-42AF6CFAD587}.Debug|x64.Build.0 = Debug|Any CPU
		{4C5C2C3D-0B2F-456E-9FC3-42AF6CFAD587}.Debug|x86.ActiveCfg = Debug|Any CPU
		{4C5C2C3D-0B2F-456E-9FC3-42AF6CFAD587}.Debug|x86.Build.0 = Debug|Any CPU
		{4C5C2C3D-0B2F-456E-9FC3-42AF6CFAD587}.Release|Any CPU.ActiveCfg = Release|Any CPU
		{4C5C2C3D-0B2F-456E-9FC3-42AF6CFAD587}.Release|Any CPU.Build.0 = Release|Any CPU
		{4C5C2C3D-0B2F-456E-9FC3-42AF6CFAD587}.Release|x64.ActiveCfg = Release|Any CPU
		{4C5C2C3D-0B2F-456E-9FC3-42AF6CFAD587}.Release|x64.Build.0 = Release|Any CPU
		{4C5C2C3D-0B2F-456E-9FC3-42AF6CFAD587}.Release|x86.ActiveCfg = Release|Any CPU
		{4C5C2C3D-0B2F-456E-9FC3-42AF6CFAD587}.Release|x86.Build.0 = Release|Any CPU
		{5317766D-2EDD-469F-ADB0-A06ED6ACE5CA}.Debug|Any CPU.ActiveCfg = Debug|Any CPU
		{5317766D-2EDD-469F-ADB0-A06ED6ACE5CA}.Debug|Any CPU.Build.0 = Debug|Any CPU
		{5317766D-2EDD-469F-ADB0-A06ED6ACE5CA}.Debug|x64.ActiveCfg = Debug|Any CPU
		{5317766D-2EDD-469F-ADB0-A06ED6ACE5CA}.Debug|x64.Build.0 = Debug|Any CPU
		{5317766D-2EDD-469F-ADB0-A06ED6ACE5CA}.Debug|x86.ActiveCfg = Debug|Any CPU
		{5317766D-2EDD-469F-ADB0-A06ED6ACE5CA}.Debug|x86.Build.0 = Debug|Any CPU
		{5317766D-2EDD-469F-ADB0-A06ED6ACE5CA}.Release|Any CPU.ActiveCfg = Release|Any CPU
		{5317766D-2EDD-469F-ADB0-A06ED6ACE5CA}.Release|Any CPU.Build.0 = Release|Any CPU
		{5317766D-2EDD-469F-ADB0-A06ED6ACE5CA}.Release|x64.ActiveCfg = Release|Any CPU
		{5317766D-2EDD-469F-ADB0-A06ED6ACE5CA}.Release|x64.Build.0 = Release|Any CPU
		{5317766D-2EDD-469F-ADB0-A06ED6ACE5CA}.Release|x86.ActiveCfg = Release|Any CPU
		{5317766D-2EDD-469F-ADB0-A06ED6ACE5CA}.Release|x86.Build.0 = Release|Any CPU
		{A266D473-4411-4C3C-9322-1B607B7EB184}.Debug|Any CPU.ActiveCfg = Debug|Any CPU
		{A266D473-4411-4C3C-9322-1B607B7EB184}.Debug|Any CPU.Build.0 = Debug|Any CPU
		{A266D473-4411-4C3C-9322-1B607B7EB184}.Debug|x64.ActiveCfg = Debug|Any CPU
		{A266D473-4411-4C3C-9322-1B607B7EB184}.Debug|x64.Build.0 = Debug|Any CPU
		{A266D473-4411-4C3C-9322-1B607B7EB184}.Debug|x86.ActiveCfg = Debug|Any CPU
		{A266D473-4411-4C3C-9322-1B607B7EB184}.Debug|x86.Build.0 = Debug|Any CPU
		{A266D473-4411-4C3C-9322-1B607B7EB184}.Release|Any CPU.ActiveCfg = Release|Any CPU
		{A266D473-4411-4C3C-9322-1B607B7EB184}.Release|Any CPU.Build.0 = Release|Any CPU
		{A266D473-4411-4C3C-9322-1B607B7EB184}.Release|x64.ActiveCfg = Release|Any CPU
		{A266D473-4411-4C3C-9322-1B607B7EB184}.Release|x64.Build.0 = Release|Any CPU
		{A266D473-4411-4C3C-9322-1B607B7EB184}.Release|x86.ActiveCfg = Release|Any CPU
		{A266D473-4411-4C3C-9322-1B607B7EB184}.Release|x86.Build.0 = Release|Any CPU
		{5BF45715-F0D6-45D6-B8D3-9F4E2CFB8BFF}.Debug|Any CPU.ActiveCfg = Debug|Any CPU
		{5BF45715-F0D6-45D6-B8D3-9F4E2CFB8BFF}.Debug|Any CPU.Build.0 = Debug|Any CPU
		{5BF45715-F0D6-45D6-B8D3-9F4E2CFB8BFF}.Debug|x64.ActiveCfg = Debug|Any CPU
		{5BF45715-F0D6-45D6-B8D3-9F4E2CFB8BFF}.Debug|x64.Build.0 = Debug|Any CPU
		{5BF45715-F0D6-45D6-B8D3-9F4E2CFB8BFF}.Debug|x86.ActiveCfg = Debug|Any CPU
		{5BF45715-F0D6-45D6-B8D3-9F4E2CFB8BFF}.Debug|x86.Build.0 = Debug|Any CPU
		{5BF45715-F0D6-45D6-B8D3-9F4E2CFB8BFF}.Release|Any CPU.ActiveCfg = Release|Any CPU
		{5BF45715-F0D6-45D6-B8D3-9F4E2CFB8BFF}.Release|Any CPU.Build.0 = Release|Any CPU
		{5BF45715-F0D6-45D6-B8D3-9F4E2CFB8BFF}.Release|x64.ActiveCfg = Release|Any CPU
		{5BF45715-F0D6-45D6-B8D3-9F4E2CFB8BFF}.Release|x64.Build.0 = Release|Any CPU
		{5BF45715-F0D6-45D6-B8D3-9F4E2CFB8BFF}.Release|x86.ActiveCfg = Release|Any CPU
		{5BF45715-F0D6-45D6-B8D3-9F4E2CFB8BFF}.Release|x86.Build.0 = Release|Any CPU
		{F49F2F19-2DD8-421C-833F-13794C3C1A76}.Debug|Any CPU.ActiveCfg = Debug|Any CPU
		{F49F2F19-2DD8-421C-833F-13794C3C1A76}.Debug|Any CPU.Build.0 = Debug|Any CPU
		{F49F2F19-2DD8-421C-833F-13794C3C1A76}.Debug|x64.ActiveCfg = Debug|Any CPU
		{F49F2F19-2DD8-421C-833F-13794C3C1A76}.Debug|x64.Build.0 = Debug|Any CPU
		{F49F2F19-2DD8-421C-833F-13794C3C1A76}.Debug|x86.ActiveCfg = Debug|Any CPU
		{F49F2F19-2DD8-421C-833F-13794C3C1A76}.Debug|x86.Build.0 = Debug|Any CPU
		{F49F2F19-2DD8-421C-833F-13794C3C1A76}.Release|Any CPU.ActiveCfg = Release|Any CPU
		{F49F2F19-2DD8-421C-833F-13794C3C1A76}.Release|Any CPU.Build.0 = Release|Any CPU
		{F49F2F19-2DD8-421C-833F-13794C3C1A76}.Release|x64.ActiveCfg = Release|Any CPU
		{F49F2F19-2DD8-421C-833F-13794C3C1A76}.Release|x64.Build.0 = Release|Any CPU
		{F49F2F19-2DD8-421C-833F-13794C3C1A76}.Release|x86.ActiveCfg = Release|Any CPU
		{F49F2F19-2DD8-421C-833F-13794C3C1A76}.Release|x86.Build.0 = Release|Any CPU
		{EA2387D4-1A17-4161-8C21-C102DCAFF175}.Debug|Any CPU.ActiveCfg = Debug|Any CPU
		{EA2387D4-1A17-4161-8C21-C102DCAFF175}.Debug|Any CPU.Build.0 = Debug|Any CPU
		{EA2387D4-1A17-4161-8C21-C102DCAFF175}.Debug|x64.ActiveCfg = Debug|Any CPU
		{EA2387D4-1A17-4161-8C21-C102DCAFF175}.Debug|x64.Build.0 = Debug|Any CPU
		{EA2387D4-1A17-4161-8C21-C102DCAFF175}.Debug|x86.ActiveCfg = Debug|Any CPU
		{EA2387D4-1A17-4161-8C21-C102DCAFF175}.Debug|x86.Build.0 = Debug|Any CPU
		{EA2387D4-1A17-4161-8C21-C102DCAFF175}.Release|Any CPU.ActiveCfg = Release|Any CPU
		{EA2387D4-1A17-4161-8C21-C102DCAFF175}.Release|Any CPU.Build.0 = Release|Any CPU
		{EA2387D4-1A17-4161-8C21-C102DCAFF175}.Release|x64.ActiveCfg = Release|Any CPU
		{EA2387D4-1A17-4161-8C21-C102DCAFF175}.Release|x64.Build.0 = Release|Any CPU
		{EA2387D4-1A17-4161-8C21-C102DCAFF175}.Release|x86.ActiveCfg = Release|Any CPU
		{EA2387D4-1A17-4161-8C21-C102DCAFF175}.Release|x86.Build.0 = Release|Any CPU
		{0A124284-E973-4338-B804-94FBF67D989A}.Debug|Any CPU.ActiveCfg = Debug|Any CPU
		{0A124284-E973-4338-B804-94FBF67D989A}.Debug|Any CPU.Build.0 = Debug|Any CPU
		{0A124284-E973-4338-B804-94FBF67D989A}.Debug|x64.ActiveCfg = Debug|Any CPU
		{0A124284-E973-4338-B804-94FBF67D989A}.Debug|x64.Build.0 = Debug|Any CPU
		{0A124284-E973-4338-B804-94FBF67D989A}.Debug|x86.ActiveCfg = Debug|Any CPU
		{0A124284-E973-4338-B804-94FBF67D989A}.Debug|x86.Build.0 = Debug|Any CPU
		{0A124284-E973-4338-B804-94FBF67D989A}.Release|Any CPU.ActiveCfg = Release|Any CPU
		{0A124284-E973-4338-B804-94FBF67D989A}.Release|Any CPU.Build.0 = Release|Any CPU
		{0A124284-E973-4338-B804-94FBF67D989A}.Release|x64.ActiveCfg = Release|Any CPU
		{0A124284-E973-4338-B804-94FBF67D989A}.Release|x64.Build.0 = Release|Any CPU
		{0A124284-E973-4338-B804-94FBF67D989A}.Release|x86.ActiveCfg = Release|Any CPU
		{0A124284-E973-4338-B804-94FBF67D989A}.Release|x86.Build.0 = Release|Any CPU
	EndGlobalSection
	GlobalSection(SolutionProperties) = preSolution
		HideSolutionNode = FALSE
	EndGlobalSection
	GlobalSection(NestedProjects) = preSolution
		{81034408-37C8-1011-444E-4C15C2FADA8E} = {827E0CD3-B72D-47B6-A68D-7590B98EB39B}
		{4C5C2C3D-0B2F-456E-9FC3-42AF6CFAD587} = {81034408-37C8-1011-444E-4C15C2FADA8E}
		{BFF2DF6E-AA54-47C7-211F-79ACCBB4577C} = {827E0CD3-B72D-47B6-A68D-7590B98EB39B}
		{5317766D-2EDD-469F-ADB0-A06ED6ACE5CA} = {BFF2DF6E-AA54-47C7-211F-79ACCBB4577C}
		{A266D473-4411-4C3C-9322-1B607B7EB184} = {BFF2DF6E-AA54-47C7-211F-79ACCBB4577C}
		{5BF45715-F0D6-45D6-B8D3-9F4E2CFB8BFF} = {BFF2DF6E-AA54-47C7-211F-79ACCBB4577C}
		{F49F2F19-2DD8-421C-833F-13794C3C1A76} = {BFF2DF6E-AA54-47C7-211F-79ACCBB4577C}
		{EA2387D4-1A17-4161-8C21-C102DCAFF175} = {0C88DD14-F956-CE84-757C-A364CCF449FC}
		{0A124284-E973-4338-B804-94FBF67D989A} = {0C88DD14-F956-CE84-757C-A364CCF449FC}
		{02EA681E-C7D8-13C7-8484-4AC65E1B71E8} = {827E0CD3-B72D-47B6-A68D-7590B98EB39B}
	EndGlobalSection
EndGlobal
